// !$*UTF8*$!
{
	archiveVersion = 1;
	classes = {
	};
	objectVersion = 46;
	objects = {

/* Begin PBXBuildFile section */
		0C030FBB1CCFEC520034F8AF /* arrowdown.png in Resources */ = {isa = PBXBuildFile; fileRef = 0C030FB91CCFEC520034F8AF /* arrowdown.png */; };
		0C030FBC1CCFEC520034F8AF /* arrowup.png in Resources */ = {isa = PBXBuildFile; fileRef = 0C030FBA1CCFEC520034F8AF /* arrowup.png */; };
		0C030FBE1CD08D030034F8AF /* rocket.png in Resources */ = {isa = PBXBuildFile; fileRef = 0C030FBD1CD08D030034F8AF /* rocket.png */; };
		0C030FC01CD08DE30034F8AF /* search.png in Resources */ = {isa = PBXBuildFile; fileRef = 0C030FBF1CD08DE30034F8AF /* search.png */; };
		0C030FC41CD092C10034F8AF /* page.png in Resources */ = {isa = PBXBuildFile; fileRef = 0C030FC31CD092C10034F8AF /* page.png */; };
		0C030FC61CD0935A0034F8AF /* line.png in Resources */ = {isa = PBXBuildFile; fileRef = 0C030FC51CD0935A0034F8AF /* line.png */; };
		0C030FC91CD0994F0034F8AF /* arrowdownblack.png in Resources */ = {isa = PBXBuildFile; fileRef = 0C030FC71CD0994F0034F8AF /* arrowdownblack.png */; };
		0C030FCA1CD0994F0034F8AF /* arrowupblack.png in Resources */ = {isa = PBXBuildFile; fileRef = 0C030FC81CD0994F0034F8AF /* arrowupblack.png */; };
		0C030FCC1CD14A6E0034F8AF /* comments.png in Resources */ = {isa = PBXBuildFile; fileRef = 0C030FCB1CD14A6E0034F8AF /* comments.png */; };
		0C627BF71C8F5EF900A3DA3F /* main.m in Sources */ = {isa = PBXBuildFile; fileRef = 0C627BF61C8F5EF900A3DA3F /* main.m */; };
		0C627BFA1C8F5EF900A3DA3F /* AppDelegate.m in Sources */ = {isa = PBXBuildFile; fileRef = 0C627BF91C8F5EF900A3DA3F /* AppDelegate.m */; };
		0C627BFD1C8F5EF900A3DA3F /* ViewController.m in Sources */ = {isa = PBXBuildFile; fileRef = 0C627BFC1C8F5EF900A3DA3F /* ViewController.m */; };
		0C627C001C8F5EF900A3DA3F /* Main.storyboard in Resources */ = {isa = PBXBuildFile; fileRef = 0C627BFE1C8F5EF900A3DA3F /* Main.storyboard */; };
		0C627C021C8F5EF900A3DA3F /* Assets.xcassets in Resources */ = {isa = PBXBuildFile; fileRef = 0C627C011C8F5EF900A3DA3F /* Assets.xcassets */; };
		0C627C051C8F5EF900A3DA3F /* LaunchScreen.storyboard in Resources */ = {isa = PBXBuildFile; fileRef = 0C627C031C8F5EF900A3DA3F /* LaunchScreen.storyboard */; };
		0C627C101C8F5EF900A3DA3F /* SpotlightRevisedTests.m in Sources */ = {isa = PBXBuildFile; fileRef = 0C627C0F1C8F5EF900A3DA3F /* SpotlightRevisedTests.m */; };
		0C627C1B1C8F5EF900A3DA3F /* SpotlightRevisedUITests.m in Sources */ = {isa = PBXBuildFile; fileRef = 0C627C1A1C8F5EF900A3DA3F /* SpotlightRevisedUITests.m */; };
		0C627C2A1C8F5FD000A3DA3F /* YALSpringAnimation.m in Sources */ = {isa = PBXBuildFile; fileRef = 0C627C291C8F5FD000A3DA3F /* YALSpringAnimation.m */; };
		0C627C2D1C8F5FDE00A3DA3F /* CAAnimation+YALTabBarViewAnimations.m in Sources */ = {isa = PBXBuildFile; fileRef = 0C627C2C1C8F5FDE00A3DA3F /* CAAnimation+YALTabBarViewAnimations.m */; };
		0C627C301C8F5FE600A3DA3F /* CATransaction+TransactionWithAnimationsAndCompletion.m in Sources */ = {isa = PBXBuildFile; fileRef = 0C627C2F1C8F5FE600A3DA3F /* CATransaction+TransactionWithAnimationsAndCompletion.m */; };
		0C627C331C8F5FF100A3DA3F /* YALAnimatingTabBarConstants.m in Sources */ = {isa = PBXBuildFile; fileRef = 0C627C321C8F5FF100A3DA3F /* YALAnimatingTabBarConstants.m */; };
		0C627C361C8F5FF900A3DA3F /* YALFoldingTabBarController.m in Sources */ = {isa = PBXBuildFile; fileRef = 0C627C351C8F5FF900A3DA3F /* YALFoldingTabBarController.m */; };
		0C627C391C8F600000A3DA3F /* YALTabBarItem.m in Sources */ = {isa = PBXBuildFile; fileRef = 0C627C381C8F600000A3DA3F /* YALTabBarItem.m */; };
		0C627C3D1C8F601200A3DA3F /* YALFoldingTabBar.m in Sources */ = {isa = PBXBuildFile; fileRef = 0C627C3C1C8F601200A3DA3F /* YALFoldingTabBar.m */; };
		0C70B2F71CC49F640035B521 /* policebrutality.mp4 in Resources */ = {isa = PBXBuildFile; fileRef = 0C70B2F61CC49ED40035B521 /* policebrutality.mp4 */; };
		0C70B2F91CC4A10D0035B521 /* blacklivesmatter.mp4 in Resources */ = {isa = PBXBuildFile; fileRef = 0C70B2F81CC4A1000035B521 /* blacklivesmatter.mp4 */; };
		0C70B2FB1CC4A3F10035B521 /* warruins.mp4 in Resources */ = {isa = PBXBuildFile; fileRef = 0C70B2FA1CC4A3E40035B521 /* warruins.mp4 */; };
		0C70B2FD1CC4A5300035B521 /* facebook.png in Resources */ = {isa = PBXBuildFile; fileRef = 0C70B2FC1CC4A5300035B521 /* facebook.png */; };
		0C9312C41E5D9B8E00F5328C /* tasks in Resources */ = {isa = PBXBuildFile; fileRef = 0C9312C31E5D9B8E00F5328C /* tasks */; };
		0C9D86651E63ECAF00356635 /* MainCamera.m in Sources */ = {isa = PBXBuildFile; fileRef = 0C9D86641E63ECAF00356635 /* MainCamera.m */; };
		0C9D86691E63ED5D00356635 /* CameraSessionView.m in Sources */ = {isa = PBXBuildFile; fileRef = 0C9D86681E63ED5D00356635 /* CameraSessionView.m */; };
		0C9D86761E63ED6A00356635 /* CameraDismissButton.m in Sources */ = {isa = PBXBuildFile; fileRef = 0C9D866B1E63ED6A00356635 /* CameraDismissButton.m */; };
		0C9D86771E63ED6A00356635 /* CameraFlashButton.m in Sources */ = {isa = PBXBuildFile; fileRef = 0C9D866D1E63ED6A00356635 /* CameraFlashButton.m */; };
		0C9D86781E63ED6A00356635 /* CameraFocalReticule.m in Sources */ = {isa = PBXBuildFile; fileRef = 0C9D866F1E63ED6A00356635 /* CameraFocalReticule.m */; };
		0C9D86791E63ED6A00356635 /* CameraShutterButton.m in Sources */ = {isa = PBXBuildFile; fileRef = 0C9D86711E63ED6A00356635 /* CameraShutterButton.m */; };
		0C9D867A1E63ED6A00356635 /* CameraToggleButton.m in Sources */ = {isa = PBXBuildFile; fileRef = 0C9D86731E63ED6A00356635 /* CameraToggleButton.m */; };
		0C9D867B1E63ED6A00356635 /* LaunchCameraButton.m in Sources */ = {isa = PBXBuildFile; fileRef = 0C9D86751E63ED6A00356635 /* LaunchCameraButton.m */; };
		0C9D867E1E63ED7500356635 /* CameraStyleKitClass.m in Sources */ = {isa = PBXBuildFile; fileRef = 0C9D867D1E63ED7500356635 /* CameraStyleKitClass.m */; };
		0C9D86831E63ED8100356635 /* CaptureSessionManager.m in Sources */ = {isa = PBXBuildFile; fileRef = 0C9D86801E63ED8100356635 /* CaptureSessionManager.m */; };
		0C9D86841E63ED8100356635 /* Constants.m in Sources */ = {isa = PBXBuildFile; fileRef = 0C9D86821E63ED8100356635 /* Constants.m */; };
		0CB80E241CB97D0E006996C7 /* camera.png in Resources */ = {isa = PBXBuildFile; fileRef = 0CB80E1E1CB97D0E006996C7 /* camera.png */; };
		0CB80E251CB97D0E006996C7 /* JUSTIFYALL.png in Resources */ = {isa = PBXBuildFile; fileRef = 0CB80E1F1CB97D0E006996C7 /* JUSTIFYALL.png */; };
		0CB80E261CB97D0E006996C7 /* LAUNCH.png in Resources */ = {isa = PBXBuildFile; fileRef = 0CB80E201CB97D0E006996C7 /* LAUNCH.png */; };
		0CB80E271CB97D0E006996C7 /* PLUS.png in Resources */ = {isa = PBXBuildFile; fileRef = 0CB80E211CB97D0E006996C7 /* PLUS.png */; };
		0CB80E281CB97D0E006996C7 /* SETTINGS.png in Resources */ = {isa = PBXBuildFile; fileRef = 0CB80E221CB97D0E006996C7 /* SETTINGS.png */; };
		0CB80E291CB97D0E006996C7 /* VIDEOCAMERA.png in Resources */ = {isa = PBXBuildFile; fileRef = 0CB80E231CB97D0E006996C7 /* VIDEOCAMERA.png */; };
		0CB80E301CB9826C006996C7 /* Trending.m in Sources */ = {isa = PBXBuildFile; fileRef = 0CB80E2F1CB9826C006996C7 /* Trending.m */; };
		0CB80E331CB98598006996C7 /* Camera.m in Sources */ = {isa = PBXBuildFile; fileRef = 0CB80E321CB98598006996C7 /* Camera.m */; };
		0CB80E391CB98889006996C7 /* ViewUtils.m in Sources */ = {isa = PBXBuildFile; fileRef = 0CB80E381CB98889006996C7 /* ViewUtils.m */; };
		0CB80E3E1CBA1025006996C7 /* ImageViewController.m in Sources */ = {isa = PBXBuildFile; fileRef = 0CB80E3B1CBA1025006996C7 /* ImageViewController.m */; };
		0CB80E3F1CBA1025006996C7 /* VideoViewController.m in Sources */ = {isa = PBXBuildFile; fileRef = 0CB80E3D1CBA1025006996C7 /* VideoViewController.m */; };
		0CB80E441CBA1058006996C7 /* UIImage+Crop.m in Sources */ = {isa = PBXBuildFile; fileRef = 0CB80E411CBA1058006996C7 /* UIImage+Crop.m */; };
		0CB80E451CBA1058006996C7 /* UIImage+Resize.m in Sources */ = {isa = PBXBuildFile; fileRef = 0CB80E431CBA1058006996C7 /* UIImage+Resize.m */; };
		0CB80E481CBA1085006996C7 /* AVFoundation.framework in Frameworks */ = {isa = PBXBuildFile; fileRef = 0CB80E471CBA1085006996C7 /* AVFoundation.framework */; };
		0CE13BF81CC4B7D500BF3F88 /* TrendingView.m in Sources */ = {isa = PBXBuildFile; fileRef = 0CE13BF71CC4B7D500BF3F88 /* TrendingView.m */; };
		0CE13BFB1CC5E53E00BF3F88 /* SwipeTableAppDelegate.m in Sources */ = {isa = PBXBuildFile; fileRef = 0CE13BFA1CC5E53E00BF3F88 /* SwipeTableAppDelegate.m */; };
		0CE13BFC1CC5E53E00BF3F88 /* SwipeTableAppDelegate.m in Sources */ = {isa = PBXBuildFile; fileRef = 0CE13BFA1CC5E53E00BF3F88 /* SwipeTableAppDelegate.m */; };
		0CE13BFF1CC5E58800BF3F88 /* TrendingViewCustom.m in Sources */ = {isa = PBXBuildFile; fileRef = 0CE13BFE1CC5E58800BF3F88 /* TrendingViewCustom.m */; };
		0CE13C001CC5E58800BF3F88 /* TrendingViewCustom.m in Sources */ = {isa = PBXBuildFile; fileRef = 0CE13BFE1CC5E58800BF3F88 /* TrendingViewCustom.m */; };
		0CE13C021CC5F22500BF3F88 /* CommentIcon.png in Resources */ = {isa = PBXBuildFile; fileRef = 0CE13C011CC5F22500BF3F88 /* CommentIcon.png */; };
		0CE13C031CC5F22500BF3F88 /* CommentIcon.png in Resources */ = {isa = PBXBuildFile; fileRef = 0CE13C011CC5F22500BF3F88 /* CommentIcon.png */; };
		0CE13C061CC5F7CD00BF3F88 /* TrumpVideoComments.m in Sources */ = {isa = PBXBuildFile; fileRef = 0CE13C051CC5F7CD00BF3F88 /* TrumpVideoComments.m */; };
		0CE13C071CC5F7CD00BF3F88 /* TrumpVideoComments.m in Sources */ = {isa = PBXBuildFile; fileRef = 0CE13C051CC5F7CD00BF3F88 /* TrumpVideoComments.m */; };
		0CF63CB31CBB3FC2003B8E01 /* Login.m in Sources */ = {isa = PBXBuildFile; fileRef = 0CF63CB21CBB3FC2003B8E01 /* Login.m */; };
		0CF63CCE1CBB51A7003B8E01 /* Bolts.framework in Frameworks */ = {isa = PBXBuildFile; fileRef = 0CF63CC71CBB51A7003B8E01 /* Bolts.framework */; };
		0CF63CCF1CBB51A7003B8E01 /* FacebookSDKStrings.bundle in Resources */ = {isa = PBXBuildFile; fileRef = 0CF63CC81CBB51A7003B8E01 /* FacebookSDKStrings.bundle */; };
		0CF63CD01CBB51A7003B8E01 /* FBAudienceNetwork.framework in Frameworks */ = {isa = PBXBuildFile; fileRef = 0CF63CC91CBB51A7003B8E01 /* FBAudienceNetwork.framework */; };
		0CF63CD11CBB51A7003B8E01 /* FBSDKCoreKit.framework in Frameworks */ = {isa = PBXBuildFile; fileRef = 0CF63CCA1CBB51A7003B8E01 /* FBSDKCoreKit.framework */; };
		0CF63CD21CBB51A7003B8E01 /* FBSDKLoginKit.framework in Frameworks */ = {isa = PBXBuildFile; fileRef = 0CF63CCB1CBB51A7003B8E01 /* FBSDKLoginKit.framework */; };
		0CF63CD31CBB51A7003B8E01 /* FBSDKMessengerShareKit.framework in Frameworks */ = {isa = PBXBuildFile; fileRef = 0CF63CCC1CBB51A7003B8E01 /* FBSDKMessengerShareKit.framework */; };
		0CF63CD41CBB51A7003B8E01 /* FBSDKShareKit.framework in Frameworks */ = {isa = PBXBuildFile; fileRef = 0CF63CCD1CBB51A7003B8E01 /* FBSDKShareKit.framework */; };
		0CF63CD51CBB52DE003B8E01 /* Qanelas-Black.otf in Resources */ = {isa = PBXBuildFile; fileRef = 0CF63CA41CBB3C38003B8E01 /* Qanelas-Black.otf */; };
		0CF63CD61CBB52DE003B8E01 /* Qanelas-BlackItalic.otf in Resources */ = {isa = PBXBuildFile; fileRef = 0CF63CA51CBB3C38003B8E01 /* Qanelas-BlackItalic.otf */; };
		0CF63CD71CBB52DE003B8E01 /* Qanelas-Bold.otf in Resources */ = {isa = PBXBuildFile; fileRef = 0CF63CA61CBB3C38003B8E01 /* Qanelas-Bold.otf */; };
		0CF63CD81CBB52DE003B8E01 /* Qanelas-BoldItalic.otf in Resources */ = {isa = PBXBuildFile; fileRef = 0CF63CA71CBB3C38003B8E01 /* Qanelas-BoldItalic.otf */; };
		0CF63CD91CBB52DE003B8E01 /* Qanelas-ExtraBold.otf in Resources */ = {isa = PBXBuildFile; fileRef = 0CF63CA81CBB3C38003B8E01 /* Qanelas-ExtraBold.otf */; };
		0CF63CDA1CBB52DE003B8E01 /* Qanelas-Heavy.otf in Resources */ = {isa = PBXBuildFile; fileRef = 0CF63CA91CBB3C38003B8E01 /* Qanelas-Heavy.otf */; };
		0CF63CDB1CBB52DE003B8E01 /* Qanelas-Light.otf in Resources */ = {isa = PBXBuildFile; fileRef = 0CF63CAA1CBB3C38003B8E01 /* Qanelas-Light.otf */; };
		0CF63CDC1CBB52DE003B8E01 /* Qanelas-Medium.otf in Resources */ = {isa = PBXBuildFile; fileRef = 0CF63CAB1CBB3C38003B8E01 /* Qanelas-Medium.otf */; };
		0CF63CDD1CBB52DE003B8E01 /* Qanelas-Regular.otf in Resources */ = {isa = PBXBuildFile; fileRef = 0CF63CAC1CBB3C38003B8E01 /* Qanelas-Regular.otf */; };
		0CF63CDE1CBB52DE003B8E01 /* Qanelas-RegularItalic.otf in Resources */ = {isa = PBXBuildFile; fileRef = 0CF63CAD1CBB3C38003B8E01 /* Qanelas-RegularItalic.otf */; };
		0CF63CDF1CBB52DE003B8E01 /* Qanelas-Thin.otf in Resources */ = {isa = PBXBuildFile; fileRef = 0CF63CAE1CBB3C38003B8E01 /* Qanelas-Thin.otf */; };
		0CF63CE01CBB52DE003B8E01 /* Qanelas-UltraLight.otf in Resources */ = {isa = PBXBuildFile; fileRef = 0CF63CAF1CBB3C38003B8E01 /* Qanelas-UltraLight.otf */; };
		0CF63CE91CBD8F2A003B8E01 /* TestData.m in Sources */ = {isa = PBXBuildFile; fileRef = 0CF63CE81CBD8F2A003B8E01 /* TestData.m */; };
		0CF63CEB1CC0339C003B8E01 /* header.png in Resources */ = {isa = PBXBuildFile; fileRef = 0CF63CEA1CC0339C003B8E01 /* header.png */; };
		0CF63CF11CC03A95003B8E01 /* Newsfeed.m in Sources */ = {isa = PBXBuildFile; fileRef = 0CF63CF01CC03A95003B8E01 /* Newsfeed.m */; };
		0CF63CF31CC156AF003B8E01 /* MediaPlayer.framework in Frameworks */ = {isa = PBXBuildFile; fileRef = 0CF63CF21CC156AF003B8E01 /* MediaPlayer.framework */; };
		0CF63CFB1CC15B0B003B8E01 /* AVKit.framework in Frameworks */ = {isa = PBXBuildFile; fileRef = 0CF63CFA1CC15B0B003B8E01 /* AVKit.framework */; };
		0CF63CFC1CC15CE2003B8E01 /* chicagotrump.mp4 in Resources */ = {isa = PBXBuildFile; fileRef = 0CF63CF61CC15924003B8E01 /* chicagotrump.mp4 */; };
		0CF63CFE1CC42776003B8E01 /* Kunal.png in Resources */ = {isa = PBXBuildFile; fileRef = 0CF63CFD1CC42776003B8E01 /* Kunal.png */; };
		0CFDE7A51CD9325E0066C147 /* commentsblack.png in Resources */ = {isa = PBXBuildFile; fileRef = 0CFDE7A41CD9325E0066C147 /* commentsblack.png */; };
		0CFDE7A71CD936E50066C147 /* commentsgroup.png in Resources */ = {isa = PBXBuildFile; fileRef = 0CFDE7A61CD936E50066C147 /* commentsgroup.png */; };
		0CFDE7AB1CD938FF0066C147 /* profile.png in Resources */ = {isa = PBXBuildFile; fileRef = 0CFDE7AA1CD938FF0066C147 /* profile.png */; };
		1B0FF194B260792024C1BC61 /* Pods_SpotlightRevised.framework in Frameworks */ = {isa = PBXBuildFile; fileRef = 04491DA2A4313A8D83CE123A /* Pods_SpotlightRevised.framework */; };
		71B71D197697FEC65EB886E7 /* Pods_SpotlightRevisedTests.framework in Frameworks */ = {isa = PBXBuildFile; fileRef = CAC99CEFA9E6065D9F4BCE5B /* Pods_SpotlightRevisedTests.framework */; };
		B53F6406161051A2CB1625BD /* Pods_SpotlightRevisedUITests.framework in Frameworks */ = {isa = PBXBuildFile; fileRef = FF86B29D1569252F81E25C90 /* Pods_SpotlightRevisedUITests.framework */; };
/* End PBXBuildFile section */

/* Begin PBXContainerItemProxy section */
		0C627C0C1C8F5EF900A3DA3F /* PBXContainerItemProxy */ = {
			isa = PBXContainerItemProxy;
			containerPortal = 0C627BEA1C8F5EF900A3DA3F /* Project object */;
			proxyType = 1;
			remoteGlobalIDString = 0C627BF11C8F5EF900A3DA3F;
			remoteInfo = SpotlightRevised;
		};
		0C627C171C8F5EF900A3DA3F /* PBXContainerItemProxy */ = {
			isa = PBXContainerItemProxy;
			containerPortal = 0C627BEA1C8F5EF900A3DA3F /* Project object */;
			proxyType = 1;
			remoteGlobalIDString = 0C627BF11C8F5EF900A3DA3F;
			remoteInfo = SpotlightRevised;
		};
/* End PBXContainerItemProxy section */

/* Begin PBXFileReference section */
		04491DA2A4313A8D83CE123A /* Pods_SpotlightRevised.framework */ = {isa = PBXFileReference; explicitFileType = wrapper.framework; includeInIndex = 0; path = Pods_SpotlightRevised.framework; sourceTree = BUILT_PRODUCTS_DIR; };
		0C030FB91CCFEC520034F8AF /* arrowdown.png */ = {isa = PBXFileReference; lastKnownFileType = image.png; path = arrowdown.png; sourceTree = "<group>"; };
		0C030FBA1CCFEC520034F8AF /* arrowup.png */ = {isa = PBXFileReference; lastKnownFileType = image.png; path = arrowup.png; sourceTree = "<group>"; };
		0C030FBD1CD08D030034F8AF /* rocket.png */ = {isa = PBXFileReference; lastKnownFileType = image.png; path = rocket.png; sourceTree = "<group>"; };
		0C030FBF1CD08DE30034F8AF /* search.png */ = {isa = PBXFileReference; lastKnownFileType = image.png; path = search.png; sourceTree = "<group>"; };
		0C030FC31CD092C10034F8AF /* page.png */ = {isa = PBXFileReference; lastKnownFileType = image.png; path = page.png; sourceTree = "<group>"; };
		0C030FC51CD0935A0034F8AF /* line.png */ = {isa = PBXFileReference; lastKnownFileType = image.png; path = line.png; sourceTree = "<group>"; };
		0C030FC71CD0994F0034F8AF /* arrowdownblack.png */ = {isa = PBXFileReference; lastKnownFileType = image.png; path = arrowdownblack.png; sourceTree = "<group>"; };
		0C030FC81CD0994F0034F8AF /* arrowupblack.png */ = {isa = PBXFileReference; lastKnownFileType = image.png; path = arrowupblack.png; sourceTree = "<group>"; };
		0C030FCB1CD14A6E0034F8AF /* comments.png */ = {isa = PBXFileReference; lastKnownFileType = image.png; path = comments.png; sourceTree = "<group>"; };
		0C627BF21C8F5EF900A3DA3F /* SpotlightRevised.app */ = {isa = PBXFileReference; explicitFileType = wrapper.application; includeInIndex = 0; path = SpotlightRevised.app; sourceTree = BUILT_PRODUCTS_DIR; };
		0C627BF61C8F5EF900A3DA3F /* main.m */ = {isa = PBXFileReference; lastKnownFileType = sourcecode.c.objc; path = main.m; sourceTree = "<group>"; };
		0C627BF81C8F5EF900A3DA3F /* AppDelegate.h */ = {isa = PBXFileReference; lastKnownFileType = sourcecode.c.h; path = AppDelegate.h; sourceTree = "<group>"; };
		0C627BF91C8F5EF900A3DA3F /* AppDelegate.m */ = {isa = PBXFileReference; lastKnownFileType = sourcecode.c.objc; path = AppDelegate.m; sourceTree = "<group>"; };
		0C627BFB1C8F5EF900A3DA3F /* ViewController.h */ = {isa = PBXFileReference; lastKnownFileType = sourcecode.c.h; path = ViewController.h; sourceTree = "<group>"; };
		0C627BFC1C8F5EF900A3DA3F /* ViewController.m */ = {isa = PBXFileReference; lastKnownFileType = sourcecode.c.objc; path = ViewController.m; sourceTree = "<group>"; };
		0C627BFF1C8F5EF900A3DA3F /* Base */ = {isa = PBXFileReference; lastKnownFileType = file.storyboard; name = Base; path = Base.lproj/Main.storyboard; sourceTree = "<group>"; };
		0C627C011C8F5EF900A3DA3F /* Assets.xcassets */ = {isa = PBXFileReference; lastKnownFileType = folder.assetcatalog; path = Assets.xcassets; sourceTree = "<group>"; };
		0C627C041C8F5EF900A3DA3F /* Base */ = {isa = PBXFileReference; lastKnownFileType = file.storyboard; name = Base; path = Base.lproj/LaunchScreen.storyboard; sourceTree = "<group>"; };
		0C627C061C8F5EF900A3DA3F /* Info.plist */ = {isa = PBXFileReference; lastKnownFileType = text.plist.xml; path = Info.plist; sourceTree = "<group>"; };
		0C627C0B1C8F5EF900A3DA3F /* SpotlightRevisedTests.xctest */ = {isa = PBXFileReference; explicitFileType = wrapper.cfbundle; includeInIndex = 0; path = SpotlightRevisedTests.xctest; sourceTree = BUILT_PRODUCTS_DIR; };
		0C627C0F1C8F5EF900A3DA3F /* SpotlightRevisedTests.m */ = {isa = PBXFileReference; lastKnownFileType = sourcecode.c.objc; path = SpotlightRevisedTests.m; sourceTree = "<group>"; };
		0C627C111C8F5EF900A3DA3F /* Info.plist */ = {isa = PBXFileReference; lastKnownFileType = text.plist.xml; path = Info.plist; sourceTree = "<group>"; };
		0C627C161C8F5EF900A3DA3F /* SpotlightRevisedUITests.xctest */ = {isa = PBXFileReference; explicitFileType = wrapper.cfbundle; includeInIndex = 0; path = SpotlightRevisedUITests.xctest; sourceTree = BUILT_PRODUCTS_DIR; };
		0C627C1A1C8F5EF900A3DA3F /* SpotlightRevisedUITests.m */ = {isa = PBXFileReference; lastKnownFileType = sourcecode.c.objc; path = SpotlightRevisedUITests.m; sourceTree = "<group>"; };
		0C627C1C1C8F5EF900A3DA3F /* Info.plist */ = {isa = PBXFileReference; lastKnownFileType = text.plist.xml; path = Info.plist; sourceTree = "<group>"; };
		0C627C281C8F5FD000A3DA3F /* YALSpringAnimation.h */ = {isa = PBXFileReference; fileEncoding = 4; lastKnownFileType = sourcecode.c.h; path = YALSpringAnimation.h; sourceTree = "<group>"; };
		0C627C291C8F5FD000A3DA3F /* YALSpringAnimation.m */ = {isa = PBXFileReference; fileEncoding = 4; lastKnownFileType = sourcecode.c.objc; path = YALSpringAnimation.m; sourceTree = "<group>"; };
		0C627C2B1C8F5FDE00A3DA3F /* CAAnimation+YALTabBarViewAnimations.h */ = {isa = PBXFileReference; fileEncoding = 4; lastKnownFileType = sourcecode.c.h; path = "CAAnimation+YALTabBarViewAnimations.h"; sourceTree = "<group>"; };
		0C627C2C1C8F5FDE00A3DA3F /* CAAnimation+YALTabBarViewAnimations.m */ = {isa = PBXFileReference; fileEncoding = 4; lastKnownFileType = sourcecode.c.objc; path = "CAAnimation+YALTabBarViewAnimations.m"; sourceTree = "<group>"; };
		0C627C2E1C8F5FE600A3DA3F /* CATransaction+TransactionWithAnimationsAndCompletion.h */ = {isa = PBXFileReference; fileEncoding = 4; lastKnownFileType = sourcecode.c.h; path = "CATransaction+TransactionWithAnimationsAndCompletion.h"; sourceTree = "<group>"; };
		0C627C2F1C8F5FE600A3DA3F /* CATransaction+TransactionWithAnimationsAndCompletion.m */ = {isa = PBXFileReference; fileEncoding = 4; lastKnownFileType = sourcecode.c.objc; path = "CATransaction+TransactionWithAnimationsAndCompletion.m"; sourceTree = "<group>"; };
		0C627C311C8F5FF100A3DA3F /* YALAnimatingTabBarConstants.h */ = {isa = PBXFileReference; fileEncoding = 4; lastKnownFileType = sourcecode.c.h; path = YALAnimatingTabBarConstants.h; sourceTree = "<group>"; };
		0C627C321C8F5FF100A3DA3F /* YALAnimatingTabBarConstants.m */ = {isa = PBXFileReference; fileEncoding = 4; lastKnownFileType = sourcecode.c.objc; path = YALAnimatingTabBarConstants.m; sourceTree = "<group>"; };
		0C627C341C8F5FF900A3DA3F /* YALFoldingTabBarController.h */ = {isa = PBXFileReference; fileEncoding = 4; lastKnownFileType = sourcecode.c.h; path = YALFoldingTabBarController.h; sourceTree = "<group>"; };
		0C627C351C8F5FF900A3DA3F /* YALFoldingTabBarController.m */ = {isa = PBXFileReference; fileEncoding = 4; lastKnownFileType = sourcecode.c.objc; path = YALFoldingTabBarController.m; sourceTree = "<group>"; };
		0C627C371C8F600000A3DA3F /* YALTabBarItem.h */ = {isa = PBXFileReference; fileEncoding = 4; lastKnownFileType = sourcecode.c.h; path = YALTabBarItem.h; sourceTree = "<group>"; };
		0C627C381C8F600000A3DA3F /* YALTabBarItem.m */ = {isa = PBXFileReference; fileEncoding = 4; lastKnownFileType = sourcecode.c.objc; path = YALTabBarItem.m; sourceTree = "<group>"; };
		0C627C3A1C8F600800A3DA3F /* YALTabBarInteracting.h */ = {isa = PBXFileReference; lastKnownFileType = sourcecode.c.h; path = YALTabBarInteracting.h; sourceTree = "<group>"; };
		0C627C3B1C8F601200A3DA3F /* YALFoldingTabBar.h */ = {isa = PBXFileReference; fileEncoding = 4; lastKnownFileType = sourcecode.c.h; path = YALFoldingTabBar.h; sourceTree = "<group>"; };
		0C627C3C1C8F601200A3DA3F /* YALFoldingTabBar.m */ = {isa = PBXFileReference; fileEncoding = 4; lastKnownFileType = sourcecode.c.objc; path = YALFoldingTabBar.m; sourceTree = "<group>"; };
		0C70B2F61CC49ED40035B521 /* policebrutality.mp4 */ = {isa = PBXFileReference; lastKnownFileType = file; path = policebrutality.mp4; sourceTree = "<group>"; };
		0C70B2F81CC4A1000035B521 /* blacklivesmatter.mp4 */ = {isa = PBXFileReference; lastKnownFileType = file; path = blacklivesmatter.mp4; sourceTree = "<group>"; };
		0C70B2FA1CC4A3E40035B521 /* warruins.mp4 */ = {isa = PBXFileReference; lastKnownFileType = file; path = warruins.mp4; sourceTree = "<group>"; };
		0C70B2FC1CC4A5300035B521 /* facebook.png */ = {isa = PBXFileReference; lastKnownFileType = image.png; path = facebook.png; sourceTree = "<group>"; };
		0C9312C31E5D9B8E00F5328C /* tasks */ = {isa = PBXFileReference; fileEncoding = 4; lastKnownFileType = text; path = tasks; sourceTree = "<group>"; };
		0C9D86631E63ECAF00356635 /* MainCamera.h */ = {isa = PBXFileReference; fileEncoding = 4; lastKnownFileType = sourcecode.c.h; path = MainCamera.h; sourceTree = "<group>"; };
		0C9D86641E63ECAF00356635 /* MainCamera.m */ = {isa = PBXFileReference; fileEncoding = 4; lastKnownFileType = sourcecode.c.objc; path = MainCamera.m; sourceTree = "<group>"; };
		0C9D86671E63ED5D00356635 /* CameraSessionView.h */ = {isa = PBXFileReference; fileEncoding = 4; lastKnownFileType = sourcecode.c.h; path = CameraSessionView.h; sourceTree = "<group>"; };
		0C9D86681E63ED5D00356635 /* CameraSessionView.m */ = {isa = PBXFileReference; fileEncoding = 4; lastKnownFileType = sourcecode.c.objc; path = CameraSessionView.m; sourceTree = "<group>"; };
		0C9D866A1E63ED6A00356635 /* CameraDismissButton.h */ = {isa = PBXFileReference; fileEncoding = 4; lastKnownFileType = sourcecode.c.h; path = CameraDismissButton.h; sourceTree = "<group>"; };
		0C9D866B1E63ED6A00356635 /* CameraDismissButton.m */ = {isa = PBXFileReference; fileEncoding = 4; lastKnownFileType = sourcecode.c.objc; path = CameraDismissButton.m; sourceTree = "<group>"; };
		0C9D866C1E63ED6A00356635 /* CameraFlashButton.h */ = {isa = PBXFileReference; fileEncoding = 4; lastKnownFileType = sourcecode.c.h; path = CameraFlashButton.h; sourceTree = "<group>"; };
		0C9D866D1E63ED6A00356635 /* CameraFlashButton.m */ = {isa = PBXFileReference; fileEncoding = 4; lastKnownFileType = sourcecode.c.objc; path = CameraFlashButton.m; sourceTree = "<group>"; };
		0C9D866E1E63ED6A00356635 /* CameraFocalReticule.h */ = {isa = PBXFileReference; fileEncoding = 4; lastKnownFileType = sourcecode.c.h; path = CameraFocalReticule.h; sourceTree = "<group>"; };
		0C9D866F1E63ED6A00356635 /* CameraFocalReticule.m */ = {isa = PBXFileReference; fileEncoding = 4; lastKnownFileType = sourcecode.c.objc; path = CameraFocalReticule.m; sourceTree = "<group>"; };
		0C9D86701E63ED6A00356635 /* CameraShutterButton.h */ = {isa = PBXFileReference; fileEncoding = 4; lastKnownFileType = sourcecode.c.h; path = CameraShutterButton.h; sourceTree = "<group>"; };
		0C9D86711E63ED6A00356635 /* CameraShutterButton.m */ = {isa = PBXFileReference; fileEncoding = 4; lastKnownFileType = sourcecode.c.objc; path = CameraShutterButton.m; sourceTree = "<group>"; };
		0C9D86721E63ED6A00356635 /* CameraToggleButton.h */ = {isa = PBXFileReference; fileEncoding = 4; lastKnownFileType = sourcecode.c.h; path = CameraToggleButton.h; sourceTree = "<group>"; };
		0C9D86731E63ED6A00356635 /* CameraToggleButton.m */ = {isa = PBXFileReference; fileEncoding = 4; lastKnownFileType = sourcecode.c.objc; path = CameraToggleButton.m; sourceTree = "<group>"; };
		0C9D86741E63ED6A00356635 /* LaunchCameraButton.h */ = {isa = PBXFileReference; fileEncoding = 4; lastKnownFileType = sourcecode.c.h; path = LaunchCameraButton.h; sourceTree = "<group>"; };
		0C9D86751E63ED6A00356635 /* LaunchCameraButton.m */ = {isa = PBXFileReference; fileEncoding = 4; lastKnownFileType = sourcecode.c.objc; path = LaunchCameraButton.m; sourceTree = "<group>"; };
		0C9D867C1E63ED7500356635 /* CameraStyleKitClass.h */ = {isa = PBXFileReference; fileEncoding = 4; lastKnownFileType = sourcecode.c.h; path = CameraStyleKitClass.h; sourceTree = "<group>"; };
		0C9D867D1E63ED7500356635 /* CameraStyleKitClass.m */ = {isa = PBXFileReference; fileEncoding = 4; lastKnownFileType = sourcecode.c.objc; path = CameraStyleKitClass.m; sourceTree = "<group>"; };
		0C9D867F1E63ED8100356635 /* CaptureSessionManager.h */ = {isa = PBXFileReference; fileEncoding = 4; lastKnownFileType = sourcecode.c.h; path = CaptureSessionManager.h; sourceTree = "<group>"; };
		0C9D86801E63ED8100356635 /* CaptureSessionManager.m */ = {isa = PBXFileReference; fileEncoding = 4; lastKnownFileType = sourcecode.c.objc; path = CaptureSessionManager.m; sourceTree = "<group>"; };
		0C9D86811E63ED8100356635 /* Constants.h */ = {isa = PBXFileReference; fileEncoding = 4; lastKnownFileType = sourcecode.c.h; path = Constants.h; sourceTree = "<group>"; };
		0C9D86821E63ED8100356635 /* Constants.m */ = {isa = PBXFileReference; fileEncoding = 4; lastKnownFileType = sourcecode.c.objc; path = Constants.m; sourceTree = "<group>"; };
		0CB80E1E1CB97D0E006996C7 /* camera.png */ = {isa = PBXFileReference; lastKnownFileType = image.png; path = camera.png; sourceTree = "<group>"; };
		0CB80E1F1CB97D0E006996C7 /* JUSTIFYALL.png */ = {isa = PBXFileReference; lastKnownFileType = image.png; path = JUSTIFYALL.png; sourceTree = "<group>"; };
		0CB80E201CB97D0E006996C7 /* LAUNCH.png */ = {isa = PBXFileReference; lastKnownFileType = image.png; path = LAUNCH.png; sourceTree = "<group>"; };
		0CB80E211CB97D0E006996C7 /* PLUS.png */ = {isa = PBXFileReference; lastKnownFileType = image.png; path = PLUS.png; sourceTree = "<group>"; };
		0CB80E221CB97D0E006996C7 /* SETTINGS.png */ = {isa = PBXFileReference; lastKnownFileType = image.png; path = SETTINGS.png; sourceTree = "<group>"; };
		0CB80E231CB97D0E006996C7 /* VIDEOCAMERA.png */ = {isa = PBXFileReference; lastKnownFileType = image.png; path = VIDEOCAMERA.png; sourceTree = "<group>"; };
		0CB80E2E1CB9826C006996C7 /* Trending.h */ = {isa = PBXFileReference; fileEncoding = 4; lastKnownFileType = sourcecode.c.h; path = Trending.h; sourceTree = "<group>"; };
		0CB80E2F1CB9826C006996C7 /* Trending.m */ = {isa = PBXFileReference; fileEncoding = 4; lastKnownFileType = sourcecode.c.objc; path = Trending.m; sourceTree = "<group>"; };
		0CB80E311CB98598006996C7 /* Camera.h */ = {isa = PBXFileReference; fileEncoding = 4; lastKnownFileType = sourcecode.c.h; path = Camera.h; sourceTree = "<group>"; };
		0CB80E321CB98598006996C7 /* Camera.m */ = {isa = PBXFileReference; fileEncoding = 4; lastKnownFileType = sourcecode.c.objc; path = Camera.m; sourceTree = "<group>"; };
		0CB80E371CB98889006996C7 /* ViewUtils.h */ = {isa = PBXFileReference; fileEncoding = 4; lastKnownFileType = sourcecode.c.h; path = ViewUtils.h; sourceTree = "<group>"; };
		0CB80E381CB98889006996C7 /* ViewUtils.m */ = {isa = PBXFileReference; fileEncoding = 4; lastKnownFileType = sourcecode.c.objc; path = ViewUtils.m; sourceTree = "<group>"; };
		0CB80E3A1CBA1025006996C7 /* ImageViewController.h */ = {isa = PBXFileReference; fileEncoding = 4; lastKnownFileType = sourcecode.c.h; path = ImageViewController.h; sourceTree = "<group>"; };
		0CB80E3B1CBA1025006996C7 /* ImageViewController.m */ = {isa = PBXFileReference; fileEncoding = 4; lastKnownFileType = sourcecode.c.objc; path = ImageViewController.m; sourceTree = "<group>"; };
		0CB80E3C1CBA1025006996C7 /* VideoViewController.h */ = {isa = PBXFileReference; fileEncoding = 4; lastKnownFileType = sourcecode.c.h; path = VideoViewController.h; sourceTree = "<group>"; };
		0CB80E3D1CBA1025006996C7 /* VideoViewController.m */ = {isa = PBXFileReference; fileEncoding = 4; lastKnownFileType = sourcecode.c.objc; path = VideoViewController.m; sourceTree = "<group>"; };
		0CB80E401CBA1058006996C7 /* UIImage+Crop.h */ = {isa = PBXFileReference; fileEncoding = 4; lastKnownFileType = sourcecode.c.h; path = "UIImage+Crop.h"; sourceTree = "<group>"; };
		0CB80E411CBA1058006996C7 /* UIImage+Crop.m */ = {isa = PBXFileReference; fileEncoding = 4; lastKnownFileType = sourcecode.c.objc; path = "UIImage+Crop.m"; sourceTree = "<group>"; };
		0CB80E421CBA1058006996C7 /* UIImage+Resize.h */ = {isa = PBXFileReference; fileEncoding = 4; lastKnownFileType = sourcecode.c.h; path = "UIImage+Resize.h"; sourceTree = "<group>"; };
		0CB80E431CBA1058006996C7 /* UIImage+Resize.m */ = {isa = PBXFileReference; fileEncoding = 4; lastKnownFileType = sourcecode.c.objc; path = "UIImage+Resize.m"; sourceTree = "<group>"; };
		0CB80E471CBA1085006996C7 /* AVFoundation.framework */ = {isa = PBXFileReference; lastKnownFileType = wrapper.framework; name = AVFoundation.framework; path = System/Library/Frameworks/AVFoundation.framework; sourceTree = SDKROOT; };
		0CE13BF61CC4B7D500BF3F88 /* TrendingView.h */ = {isa = PBXFileReference; fileEncoding = 4; lastKnownFileType = sourcecode.c.h; path = TrendingView.h; sourceTree = "<group>"; };
		0CE13BF71CC4B7D500BF3F88 /* TrendingView.m */ = {isa = PBXFileReference; fileEncoding = 4; lastKnownFileType = sourcecode.c.objc; path = TrendingView.m; sourceTree = "<group>"; };
		0CE13BF91CC5E53E00BF3F88 /* SwipeTableAppDelegate.h */ = {isa = PBXFileReference; fileEncoding = 4; lastKnownFileType = sourcecode.c.h; path = SwipeTableAppDelegate.h; sourceTree = "<group>"; };
		0CE13BFA1CC5E53E00BF3F88 /* SwipeTableAppDelegate.m */ = {isa = PBXFileReference; fileEncoding = 4; lastKnownFileType = sourcecode.c.objc; path = SwipeTableAppDelegate.m; sourceTree = "<group>"; };
		0CE13BFD1CC5E58800BF3F88 /* TrendingViewCustom.h */ = {isa = PBXFileReference; fileEncoding = 4; lastKnownFileType = sourcecode.c.h; path = TrendingViewCustom.h; sourceTree = "<group>"; };
		0CE13BFE1CC5E58800BF3F88 /* TrendingViewCustom.m */ = {isa = PBXFileReference; fileEncoding = 4; lastKnownFileType = sourcecode.c.objc; path = TrendingViewCustom.m; sourceTree = "<group>"; };
		0CE13C011CC5F22500BF3F88 /* CommentIcon.png */ = {isa = PBXFileReference; lastKnownFileType = image.png; path = CommentIcon.png; sourceTree = "<group>"; };
		0CE13C041CC5F7CD00BF3F88 /* TrumpVideoComments.h */ = {isa = PBXFileReference; fileEncoding = 4; lastKnownFileType = sourcecode.c.h; path = TrumpVideoComments.h; sourceTree = "<group>"; };
		0CE13C051CC5F7CD00BF3F88 /* TrumpVideoComments.m */ = {isa = PBXFileReference; fileEncoding = 4; lastKnownFileType = sourcecode.c.objc; path = TrumpVideoComments.m; sourceTree = "<group>"; };
		0CF63CA41CBB3C38003B8E01 /* Qanelas-Black.otf */ = {isa = PBXFileReference; lastKnownFileType = file; path = "Qanelas-Black.otf"; sourceTree = "<group>"; };
		0CF63CA51CBB3C38003B8E01 /* Qanelas-BlackItalic.otf */ = {isa = PBXFileReference; lastKnownFileType = file; path = "Qanelas-BlackItalic.otf"; sourceTree = "<group>"; };
		0CF63CA61CBB3C38003B8E01 /* Qanelas-Bold.otf */ = {isa = PBXFileReference; lastKnownFileType = file; path = "Qanelas-Bold.otf"; sourceTree = "<group>"; };
		0CF63CA71CBB3C38003B8E01 /* Qanelas-BoldItalic.otf */ = {isa = PBXFileReference; lastKnownFileType = file; path = "Qanelas-BoldItalic.otf"; sourceTree = "<group>"; };
		0CF63CA81CBB3C38003B8E01 /* Qanelas-ExtraBold.otf */ = {isa = PBXFileReference; lastKnownFileType = file; path = "Qanelas-ExtraBold.otf"; sourceTree = "<group>"; };
		0CF63CA91CBB3C38003B8E01 /* Qanelas-Heavy.otf */ = {isa = PBXFileReference; lastKnownFileType = file; path = "Qanelas-Heavy.otf"; sourceTree = "<group>"; };
		0CF63CAA1CBB3C38003B8E01 /* Qanelas-Light.otf */ = {isa = PBXFileReference; lastKnownFileType = file; path = "Qanelas-Light.otf"; sourceTree = "<group>"; };
		0CF63CAB1CBB3C38003B8E01 /* Qanelas-Medium.otf */ = {isa = PBXFileReference; lastKnownFileType = file; path = "Qanelas-Medium.otf"; sourceTree = "<group>"; };
		0CF63CAC1CBB3C38003B8E01 /* Qanelas-Regular.otf */ = {isa = PBXFileReference; lastKnownFileType = file; path = "Qanelas-Regular.otf"; sourceTree = "<group>"; };
		0CF63CAD1CBB3C38003B8E01 /* Qanelas-RegularItalic.otf */ = {isa = PBXFileReference; lastKnownFileType = file; path = "Qanelas-RegularItalic.otf"; sourceTree = "<group>"; };
		0CF63CAE1CBB3C38003B8E01 /* Qanelas-Thin.otf */ = {isa = PBXFileReference; lastKnownFileType = file; path = "Qanelas-Thin.otf"; sourceTree = "<group>"; };
		0CF63CAF1CBB3C38003B8E01 /* Qanelas-UltraLight.otf */ = {isa = PBXFileReference; lastKnownFileType = file; path = "Qanelas-UltraLight.otf"; sourceTree = "<group>"; };
		0CF63CB11CBB3FC2003B8E01 /* Login.h */ = {isa = PBXFileReference; fileEncoding = 4; lastKnownFileType = sourcecode.c.h; path = Login.h; sourceTree = "<group>"; };
		0CF63CB21CBB3FC2003B8E01 /* Login.m */ = {isa = PBXFileReference; fileEncoding = 4; lastKnownFileType = sourcecode.c.objc; path = Login.m; sourceTree = "<group>"; };
		0CF63CC71CBB51A7003B8E01 /* Bolts.framework */ = {isa = PBXFileReference; lastKnownFileType = wrapper.framework; name = Bolts.framework; path = FacebookSDK/Bolts.framework; sourceTree = "<group>"; };
		0CF63CC81CBB51A7003B8E01 /* FacebookSDKStrings.bundle */ = {isa = PBXFileReference; lastKnownFileType = "wrapper.plug-in"; name = FacebookSDKStrings.bundle; path = FacebookSDK/FacebookSDKStrings.bundle; sourceTree = "<group>"; };
		0CF63CC91CBB51A7003B8E01 /* FBAudienceNetwork.framework */ = {isa = PBXFileReference; lastKnownFileType = wrapper.framework; name = FBAudienceNetwork.framework; path = FacebookSDK/FBAudienceNetwork.framework; sourceTree = "<group>"; };
		0CF63CCA1CBB51A7003B8E01 /* FBSDKCoreKit.framework */ = {isa = PBXFileReference; lastKnownFileType = wrapper.framework; name = FBSDKCoreKit.framework; path = FacebookSDK/FBSDKCoreKit.framework; sourceTree = "<group>"; };
		0CF63CCB1CBB51A7003B8E01 /* FBSDKLoginKit.framework */ = {isa = PBXFileReference; lastKnownFileType = wrapper.framework; name = FBSDKLoginKit.framework; path = FacebookSDK/FBSDKLoginKit.framework; sourceTree = "<group>"; };
		0CF63CCC1CBB51A7003B8E01 /* FBSDKMessengerShareKit.framework */ = {isa = PBXFileReference; lastKnownFileType = wrapper.framework; name = FBSDKMessengerShareKit.framework; path = FacebookSDK/FBSDKMessengerShareKit.framework; sourceTree = "<group>"; };
		0CF63CCD1CBB51A7003B8E01 /* FBSDKShareKit.framework */ = {isa = PBXFileReference; lastKnownFileType = wrapper.framework; name = FBSDKShareKit.framework; path = FacebookSDK/FBSDKShareKit.framework; sourceTree = "<group>"; };
		0CF63CE71CBD8F2A003B8E01 /* TestData.h */ = {isa = PBXFileReference; fileEncoding = 4; lastKnownFileType = sourcecode.c.h; path = TestData.h; sourceTree = "<group>"; };
		0CF63CE81CBD8F2A003B8E01 /* TestData.m */ = {isa = PBXFileReference; fileEncoding = 4; lastKnownFileType = sourcecode.c.objc; path = TestData.m; sourceTree = "<group>"; };
		0CF63CEA1CC0339C003B8E01 /* header.png */ = {isa = PBXFileReference; lastKnownFileType = image.png; path = header.png; sourceTree = "<group>"; };
		0CF63CEF1CC03A95003B8E01 /* Newsfeed.h */ = {isa = PBXFileReference; fileEncoding = 4; lastKnownFileType = sourcecode.c.h; path = Newsfeed.h; sourceTree = "<group>"; };
		0CF63CF01CC03A95003B8E01 /* Newsfeed.m */ = {isa = PBXFileReference; fileEncoding = 4; lastKnownFileType = sourcecode.c.objc; path = Newsfeed.m; sourceTree = "<group>"; };
		0CF63CF21CC156AF003B8E01 /* MediaPlayer.framework */ = {isa = PBXFileReference; lastKnownFileType = wrapper.framework; name = MediaPlayer.framework; path = System/Library/Frameworks/MediaPlayer.framework; sourceTree = SDKROOT; };
		0CF63CF61CC15924003B8E01 /* chicagotrump.mp4 */ = {isa = PBXFileReference; lastKnownFileType = file; path = chicagotrump.mp4; sourceTree = "<group>"; };
		0CF63CFA1CC15B0B003B8E01 /* AVKit.framework */ = {isa = PBXFileReference; lastKnownFileType = wrapper.framework; name = AVKit.framework; path = System/Library/Frameworks/AVKit.framework; sourceTree = SDKROOT; };
		0CF63CFD1CC42776003B8E01 /* Kunal.png */ = {isa = PBXFileReference; lastKnownFileType = image.png; path = Kunal.png; sourceTree = "<group>"; };
		0CFDE7A41CD9325E0066C147 /* commentsblack.png */ = {isa = PBXFileReference; lastKnownFileType = image.png; path = commentsblack.png; sourceTree = "<group>"; };
		0CFDE7A61CD936E50066C147 /* commentsgroup.png */ = {isa = PBXFileReference; lastKnownFileType = image.png; path = commentsgroup.png; sourceTree = "<group>"; };
		0CFDE7AA1CD938FF0066C147 /* profile.png */ = {isa = PBXFileReference; lastKnownFileType = image.png; path = profile.png; sourceTree = "<group>"; };
		745C0E2BE1EFA87B63FC32AE /* Pods-SpotlightRevised.debug.xcconfig */ = {isa = PBXFileReference; includeInIndex = 1; lastKnownFileType = text.xcconfig; name = "Pods-SpotlightRevised.debug.xcconfig"; path = "Pods/Target Support Files/Pods-SpotlightRevised/Pods-SpotlightRevised.debug.xcconfig"; sourceTree = "<group>"; };
		8A2E678A26367A354837E814 /* Pods-SpotlightRevisedTests.release.xcconfig */ = {isa = PBXFileReference; includeInIndex = 1; lastKnownFileType = text.xcconfig; name = "Pods-SpotlightRevisedTests.release.xcconfig"; path = "Pods/Target Support Files/Pods-SpotlightRevisedTests/Pods-SpotlightRevisedTests.release.xcconfig"; sourceTree = "<group>"; };
		98CBAA0156878CD2E82A728A /* Pods-SpotlightRevisedUITests.debug.xcconfig */ = {isa = PBXFileReference; includeInIndex = 1; lastKnownFileType = text.xcconfig; name = "Pods-SpotlightRevisedUITests.debug.xcconfig"; path = "Pods/Target Support Files/Pods-SpotlightRevisedUITests/Pods-SpotlightRevisedUITests.debug.xcconfig"; sourceTree = "<group>"; };
		C24D68CCEDBB3A4CE6110307 /* Pods-SpotlightRevised.release.xcconfig */ = {isa = PBXFileReference; includeInIndex = 1; lastKnownFileType = text.xcconfig; name = "Pods-SpotlightRevised.release.xcconfig"; path = "Pods/Target Support Files/Pods-SpotlightRevised/Pods-SpotlightRevised.release.xcconfig"; sourceTree = "<group>"; };
		CAC99CEFA9E6065D9F4BCE5B /* Pods_SpotlightRevisedTests.framework */ = {isa = PBXFileReference; explicitFileType = wrapper.framework; includeInIndex = 0; path = Pods_SpotlightRevisedTests.framework; sourceTree = BUILT_PRODUCTS_DIR; };
		E113A8FFD63CD4B905970146 /* Pods-SpotlightRevisedUITests.release.xcconfig */ = {isa = PBXFileReference; includeInIndex = 1; lastKnownFileType = text.xcconfig; name = "Pods-SpotlightRevisedUITests.release.xcconfig"; path = "Pods/Target Support Files/Pods-SpotlightRevisedUITests/Pods-SpotlightRevisedUITests.release.xcconfig"; sourceTree = "<group>"; };
		FBCAD5865F9894DFAFF64B39 /* Pods-SpotlightRevisedTests.debug.xcconfig */ = {isa = PBXFileReference; includeInIndex = 1; lastKnownFileType = text.xcconfig; name = "Pods-SpotlightRevisedTests.debug.xcconfig"; path = "Pods/Target Support Files/Pods-SpotlightRevisedTests/Pods-SpotlightRevisedTests.debug.xcconfig"; sourceTree = "<group>"; };
		FF86B29D1569252F81E25C90 /* Pods_SpotlightRevisedUITests.framework */ = {isa = PBXFileReference; explicitFileType = wrapper.framework; includeInIndex = 0; path = Pods_SpotlightRevisedUITests.framework; sourceTree = BUILT_PRODUCTS_DIR; };
/* End PBXFileReference section */

/* Begin PBXFrameworksBuildPhase section */
		0C627BEF1C8F5EF900A3DA3F /* Frameworks */ = {
			isa = PBXFrameworksBuildPhase;
			buildActionMask = 2147483647;
			files = (
				0CF63CFB1CC15B0B003B8E01 /* AVKit.framework in Frameworks */,
				0CB80E481CBA1085006996C7 /* AVFoundation.framework in Frameworks */,
				0CF63CF31CC156AF003B8E01 /* MediaPlayer.framework in Frameworks */,
				0CF63CD41CBB51A7003B8E01 /* FBSDKShareKit.framework in Frameworks */,
				0CF63CD11CBB51A7003B8E01 /* FBSDKCoreKit.framework in Frameworks */,
				0CF63CCE1CBB51A7003B8E01 /* Bolts.framework in Frameworks */,
				0CF63CD21CBB51A7003B8E01 /* FBSDKLoginKit.framework in Frameworks */,
				0CF63CD01CBB51A7003B8E01 /* FBAudienceNetwork.framework in Frameworks */,
				0CF63CD31CBB51A7003B8E01 /* FBSDKMessengerShareKit.framework in Frameworks */,
				1B0FF194B260792024C1BC61 /* Pods_SpotlightRevised.framework in Frameworks */,
			);
			runOnlyForDeploymentPostprocessing = 0;
		};
		0C627C081C8F5EF900A3DA3F /* Frameworks */ = {
			isa = PBXFrameworksBuildPhase;
			buildActionMask = 2147483647;
			files = (
				71B71D197697FEC65EB886E7 /* Pods_SpotlightRevisedTests.framework in Frameworks */,
			);
			runOnlyForDeploymentPostprocessing = 0;
		};
		0C627C131C8F5EF900A3DA3F /* Frameworks */ = {
			isa = PBXFrameworksBuildPhase;
			buildActionMask = 2147483647;
			files = (
				B53F6406161051A2CB1625BD /* Pods_SpotlightRevisedUITests.framework in Frameworks */,
			);
			runOnlyForDeploymentPostprocessing = 0;
		};
/* End PBXFrameworksBuildPhase section */

/* Begin PBXGroup section */
		0C627BE91C8F5EF900A3DA3F = {
			isa = PBXGroup;
			children = (
				0C627BF41C8F5EF900A3DA3F /* SpotlightRevised */,
				0C627C0E1C8F5EF900A3DA3F /* SpotlightRevisedTests */,
				0C627C191C8F5EF900A3DA3F /* SpotlightRevisedUITests */,
				0C627BF31C8F5EF900A3DA3F /* Products */,
				4680C115D20707BD53A8FC9A /* Frameworks */,
				C9C47E43017009F9A8637D77 /* Pods */,
			);
			sourceTree = "<group>";
		};
		0C627BF31C8F5EF900A3DA3F /* Products */ = {
			isa = PBXGroup;
			children = (
				0C627BF21C8F5EF900A3DA3F /* SpotlightRevised.app */,
				0C627C0B1C8F5EF900A3DA3F /* SpotlightRevisedTests.xctest */,
				0C627C161C8F5EF900A3DA3F /* SpotlightRevisedUITests.xctest */,
			);
			name = Products;
			sourceTree = "<group>";
		};
		0C627BF41C8F5EF900A3DA3F /* SpotlightRevised */ = {
			isa = PBXGroup;
			children = (
				0C627BF81C8F5EF900A3DA3F /* AppDelegate.h */,
				0C627BF91C8F5EF900A3DA3F /* AppDelegate.m */,
				0C627BFB1C8F5EF900A3DA3F /* ViewController.h */,
				0C627BFC1C8F5EF900A3DA3F /* ViewController.m */,
				0C627BFE1C8F5EF900A3DA3F /* Main.storyboard */,
				0C9D86631E63ECAF00356635 /* MainCamera.h */,
				0C9D86641E63ECAF00356635 /* MainCamera.m */,
				0CE13C041CC5F7CD00BF3F88 /* TrumpVideoComments.h */,
				0CE13C051CC5F7CD00BF3F88 /* TrumpVideoComments.m */,
				0CE13BF91CC5E53E00BF3F88 /* SwipeTableAppDelegate.h */,
				0CE13BFA1CC5E53E00BF3F88 /* SwipeTableAppDelegate.m */,
				0CE13BF61CC4B7D500BF3F88 /* TrendingView.h */,
				0CE13BF71CC4B7D500BF3F88 /* TrendingView.m */,
				0CE13BFD1CC5E58800BF3F88 /* TrendingViewCustom.h */,
				0CE13BFE1CC5E58800BF3F88 /* TrendingViewCustom.m */,
				0CF63CB11CBB3FC2003B8E01 /* Login.h */,
				0CF63CB21CBB3FC2003B8E01 /* Login.m */,
				0CB80E311CB98598006996C7 /* Camera.h */,
				0CB80E321CB98598006996C7 /* Camera.m */,
				0CF63CEF1CC03A95003B8E01 /* Newsfeed.h */,
				0CF63CF01CC03A95003B8E01 /* Newsfeed.m */,
				0CB80E2E1CB9826C006996C7 /* Trending.h */,
				0CB80E2F1CB9826C006996C7 /* Trending.m */,
				0CF63CE71CBD8F2A003B8E01 /* TestData.h */,
				0CF63CE81CBD8F2A003B8E01 /* TestData.m */,
				0C9312C31E5D9B8E00F5328C /* tasks */,
				0C9D86851E63ED8C00356635 /* CoolCamera */,
				0CB80E461CBA105D006996C7 /* imagesandvideos */,
				0C627C011C8F5EF900A3DA3F /* Assets.xcassets */,
				0C627C031C8F5EF900A3DA3F /* LaunchScreen.storyboard */,
				0C627C061C8F5EF900A3DA3F /* Info.plist */,
				0CF63CB01CBB3C40003B8E01 /* QanelasFont */,
				0CB80E2A1CB97D15006996C7 /* Icons */,
				0C627C3E1C8F602000A3DA3F /* Tab Bar */,
				0C627BF51C8F5EF900A3DA3F /* Supporting Files */,
			);
			path = SpotlightRevised;
			sourceTree = "<group>";
		};
		0C627BF51C8F5EF900A3DA3F /* Supporting Files */ = {
			isa = PBXGroup;
			children = (
				0C627BF61C8F5EF900A3DA3F /* main.m */,
			);
			name = "Supporting Files";
			sourceTree = "<group>";
		};
		0C627C0E1C8F5EF900A3DA3F /* SpotlightRevisedTests */ = {
			isa = PBXGroup;
			children = (
				0C627C0F1C8F5EF900A3DA3F /* SpotlightRevisedTests.m */,
				0C627C111C8F5EF900A3DA3F /* Info.plist */,
			);
			path = SpotlightRevisedTests;
			sourceTree = "<group>";
		};
		0C627C191C8F5EF900A3DA3F /* SpotlightRevisedUITests */ = {
			isa = PBXGroup;
			children = (
				0C627C1A1C8F5EF900A3DA3F /* SpotlightRevisedUITests.m */,
				0C627C1C1C8F5EF900A3DA3F /* Info.plist */,
			);
			path = SpotlightRevisedUITests;
			sourceTree = "<group>";
		};
		0C627C3E1C8F602000A3DA3F /* Tab Bar */ = {
			isa = PBXGroup;
			children = (
				0C627C281C8F5FD000A3DA3F /* YALSpringAnimation.h */,
				0C627C291C8F5FD000A3DA3F /* YALSpringAnimation.m */,
				0C627C2B1C8F5FDE00A3DA3F /* CAAnimation+YALTabBarViewAnimations.h */,
				0C627C2C1C8F5FDE00A3DA3F /* CAAnimation+YALTabBarViewAnimations.m */,
				0C627C2E1C8F5FE600A3DA3F /* CATransaction+TransactionWithAnimationsAndCompletion.h */,
				0C627C2F1C8F5FE600A3DA3F /* CATransaction+TransactionWithAnimationsAndCompletion.m */,
				0C627C311C8F5FF100A3DA3F /* YALAnimatingTabBarConstants.h */,
				0C627C321C8F5FF100A3DA3F /* YALAnimatingTabBarConstants.m */,
				0C627C341C8F5FF900A3DA3F /* YALFoldingTabBarController.h */,
				0C627C351C8F5FF900A3DA3F /* YALFoldingTabBarController.m */,
				0C627C371C8F600000A3DA3F /* YALTabBarItem.h */,
				0C627C381C8F600000A3DA3F /* YALTabBarItem.m */,
				0C627C3A1C8F600800A3DA3F /* YALTabBarInteracting.h */,
				0C627C3B1C8F601200A3DA3F /* YALFoldingTabBar.h */,
				0C627C3C1C8F601200A3DA3F /* YALFoldingTabBar.m */,
			);
			name = "Tab Bar";
			sourceTree = "<group>";
		};
		0C9D86851E63ED8C00356635 /* CoolCamera */ = {
			isa = PBXGroup;
			children = (
				0C9D86671E63ED5D00356635 /* CameraSessionView.h */,
				0C9D86681E63ED5D00356635 /* CameraSessionView.m */,
				0C9D866A1E63ED6A00356635 /* CameraDismissButton.h */,
				0C9D866B1E63ED6A00356635 /* CameraDismissButton.m */,
				0C9D866C1E63ED6A00356635 /* CameraFlashButton.h */,
				0C9D866D1E63ED6A00356635 /* CameraFlashButton.m */,
				0C9D866E1E63ED6A00356635 /* CameraFocalReticule.h */,
				0C9D866F1E63ED6A00356635 /* CameraFocalReticule.m */,
				0C9D86701E63ED6A00356635 /* CameraShutterButton.h */,
				0C9D86711E63ED6A00356635 /* CameraShutterButton.m */,
				0C9D86721E63ED6A00356635 /* CameraToggleButton.h */,
				0C9D86731E63ED6A00356635 /* CameraToggleButton.m */,
				0C9D86741E63ED6A00356635 /* LaunchCameraButton.h */,
				0C9D86751E63ED6A00356635 /* LaunchCameraButton.m */,
				0C9D867C1E63ED7500356635 /* CameraStyleKitClass.h */,
				0C9D867D1E63ED7500356635 /* CameraStyleKitClass.m */,
				0C9D867F1E63ED8100356635 /* CaptureSessionManager.h */,
				0C9D86801E63ED8100356635 /* CaptureSessionManager.m */,
				0C9D86811E63ED8100356635 /* Constants.h */,
				0C9D86821E63ED8100356635 /* Constants.m */,
			);
			name = CoolCamera;
			sourceTree = "<group>";
		};
		0CB80E2A1CB97D15006996C7 /* Icons */ = {
			isa = PBXGroup;
			children = (
				0CB80E1E1CB97D0E006996C7 /* camera.png */,
				0CB80E1F1CB97D0E006996C7 /* JUSTIFYALL.png */,
				0CB80E201CB97D0E006996C7 /* LAUNCH.png */,
				0CB80E211CB97D0E006996C7 /* PLUS.png */,
				0CB80E221CB97D0E006996C7 /* SETTINGS.png */,
				0CB80E231CB97D0E006996C7 /* VIDEOCAMERA.png */,
				0CF63CEA1CC0339C003B8E01 /* header.png */,
				0CFDE7AA1CD938FF0066C147 /* profile.png */,
			);
			name = Icons;
			sourceTree = "<group>";
		};
		0CB80E461CBA105D006996C7 /* imagesandvideos */ = {
			isa = PBXGroup;
			children = (
				0CFDE7A61CD936E50066C147 /* commentsgroup.png */,
				0CFDE7A41CD9325E0066C147 /* commentsblack.png */,
				0C030FCB1CD14A6E0034F8AF /* comments.png */,
				0C030FC71CD0994F0034F8AF /* arrowdownblack.png */,
				0C030FC81CD0994F0034F8AF /* arrowupblack.png */,
				0C030FC51CD0935A0034F8AF /* line.png */,
				0C030FC31CD092C10034F8AF /* page.png */,
				0C030FBF1CD08DE30034F8AF /* search.png */,
				0C030FBD1CD08D030034F8AF /* rocket.png */,
				0CE13C011CC5F22500BF3F88 /* CommentIcon.png */,
				0C030FB91CCFEC520034F8AF /* arrowdown.png */,
				0C030FBA1CCFEC520034F8AF /* arrowup.png */,
				0C70B2FC1CC4A5300035B521 /* facebook.png */,
				0CF63CFD1CC42776003B8E01 /* Kunal.png */,
				0C70B2FA1CC4A3E40035B521 /* warruins.mp4 */,
				0C70B2F81CC4A1000035B521 /* blacklivesmatter.mp4 */,
				0C70B2F61CC49ED40035B521 /* policebrutality.mp4 */,
				0CF63CF61CC15924003B8E01 /* chicagotrump.mp4 */,
				0CB80E371CB98889006996C7 /* ViewUtils.h */,
				0CB80E381CB98889006996C7 /* ViewUtils.m */,
				0CB80E3A1CBA1025006996C7 /* ImageViewController.h */,
				0CB80E3B1CBA1025006996C7 /* ImageViewController.m */,
				0CB80E3C1CBA1025006996C7 /* VideoViewController.h */,
				0CB80E3D1CBA1025006996C7 /* VideoViewController.m */,
				0CB80E401CBA1058006996C7 /* UIImage+Crop.h */,
				0CB80E411CBA1058006996C7 /* UIImage+Crop.m */,
				0CB80E421CBA1058006996C7 /* UIImage+Resize.h */,
				0CB80E431CBA1058006996C7 /* UIImage+Resize.m */,
			);
			name = imagesandvideos;
			sourceTree = "<group>";
		};
		0CF63CB01CBB3C40003B8E01 /* QanelasFont */ = {
			isa = PBXGroup;
			children = (
				0CF63CA41CBB3C38003B8E01 /* Qanelas-Black.otf */,
				0CF63CA51CBB3C38003B8E01 /* Qanelas-BlackItalic.otf */,
				0CF63CA61CBB3C38003B8E01 /* Qanelas-Bold.otf */,
				0CF63CA71CBB3C38003B8E01 /* Qanelas-BoldItalic.otf */,
				0CF63CA81CBB3C38003B8E01 /* Qanelas-ExtraBold.otf */,
				0CF63CA91CBB3C38003B8E01 /* Qanelas-Heavy.otf */,
				0CF63CAA1CBB3C38003B8E01 /* Qanelas-Light.otf */,
				0CF63CAB1CBB3C38003B8E01 /* Qanelas-Medium.otf */,
				0CF63CAC1CBB3C38003B8E01 /* Qanelas-Regular.otf */,
				0CF63CAD1CBB3C38003B8E01 /* Qanelas-RegularItalic.otf */,
				0CF63CAE1CBB3C38003B8E01 /* Qanelas-Thin.otf */,
				0CF63CAF1CBB3C38003B8E01 /* Qanelas-UltraLight.otf */,
			);
			name = QanelasFont;
			sourceTree = "<group>";
		};
		4680C115D20707BD53A8FC9A /* Frameworks */ = {
			isa = PBXGroup;
			children = (
				0CF63CFA1CC15B0B003B8E01 /* AVKit.framework */,
				0CF63CF21CC156AF003B8E01 /* MediaPlayer.framework */,
				0CF63CC71CBB51A7003B8E01 /* Bolts.framework */,
				0CF63CC81CBB51A7003B8E01 /* FacebookSDKStrings.bundle */,
				0CF63CC91CBB51A7003B8E01 /* FBAudienceNetwork.framework */,
				0CF63CCA1CBB51A7003B8E01 /* FBSDKCoreKit.framework */,
				0CF63CCB1CBB51A7003B8E01 /* FBSDKLoginKit.framework */,
				0CF63CCC1CBB51A7003B8E01 /* FBSDKMessengerShareKit.framework */,
				0CF63CCD1CBB51A7003B8E01 /* FBSDKShareKit.framework */,
				0CB80E471CBA1085006996C7 /* AVFoundation.framework */,
				04491DA2A4313A8D83CE123A /* Pods_SpotlightRevised.framework */,
				CAC99CEFA9E6065D9F4BCE5B /* Pods_SpotlightRevisedTests.framework */,
				FF86B29D1569252F81E25C90 /* Pods_SpotlightRevisedUITests.framework */,
			);
			name = Frameworks;
			sourceTree = "<group>";
		};
		C9C47E43017009F9A8637D77 /* Pods */ = {
			isa = PBXGroup;
			children = (
				745C0E2BE1EFA87B63FC32AE /* Pods-SpotlightRevised.debug.xcconfig */,
				C24D68CCEDBB3A4CE6110307 /* Pods-SpotlightRevised.release.xcconfig */,
				FBCAD5865F9894DFAFF64B39 /* Pods-SpotlightRevisedTests.debug.xcconfig */,
				8A2E678A26367A354837E814 /* Pods-SpotlightRevisedTests.release.xcconfig */,
				98CBAA0156878CD2E82A728A /* Pods-SpotlightRevisedUITests.debug.xcconfig */,
				E113A8FFD63CD4B905970146 /* Pods-SpotlightRevisedUITests.release.xcconfig */,
			);
			name = Pods;
			sourceTree = "<group>";
		};
/* End PBXGroup section */

/* Begin PBXNativeTarget section */
		0C627BF11C8F5EF900A3DA3F /* SpotlightRevised */ = {
			isa = PBXNativeTarget;
			buildConfigurationList = 0C627C1F1C8F5EF900A3DA3F /* Build configuration list for PBXNativeTarget "SpotlightRevised" */;
			buildPhases = (
				C7477D6F43136026CB0C2378 /* [CP] Check Pods Manifest.lock */,
				0C627BEE1C8F5EF900A3DA3F /* Sources */,
				0C627BEF1C8F5EF900A3DA3F /* Frameworks */,
				0C627BF01C8F5EF900A3DA3F /* Resources */,
				B9010D2418409997731AB986 /* [CP] Embed Pods Frameworks */,
				7902BD6FFED9C3376A1BE81F /* [CP] Copy Pods Resources */,
			);
			buildRules = (
			);
			dependencies = (
			);
			name = SpotlightRevised;
			productName = SpotlightRevised;
			productReference = 0C627BF21C8F5EF900A3DA3F /* SpotlightRevised.app */;
			productType = "com.apple.product-type.application";
		};
		0C627C0A1C8F5EF900A3DA3F /* SpotlightRevisedTests */ = {
			isa = PBXNativeTarget;
			buildConfigurationList = 0C627C221C8F5EF900A3DA3F /* Build configuration list for PBXNativeTarget "SpotlightRevisedTests" */;
			buildPhases = (
				72791F36B84115CDEB94C5CE /* [CP] Check Pods Manifest.lock */,
				0C627C071C8F5EF900A3DA3F /* Sources */,
				0C627C081C8F5EF900A3DA3F /* Frameworks */,
				0C627C091C8F5EF900A3DA3F /* Resources */,
				FF6D1DF2FE7614BA9B0E08CA /* [CP] Embed Pods Frameworks */,
				A5B283467FD41584B7B869DF /* [CP] Copy Pods Resources */,
			);
			buildRules = (
			);
			dependencies = (
				0C627C0D1C8F5EF900A3DA3F /* PBXTargetDependency */,
			);
			name = SpotlightRevisedTests;
			productName = SpotlightRevisedTests;
			productReference = 0C627C0B1C8F5EF900A3DA3F /* SpotlightRevisedTests.xctest */;
			productType = "com.apple.product-type.bundle.unit-test";
		};
		0C627C151C8F5EF900A3DA3F /* SpotlightRevisedUITests */ = {
			isa = PBXNativeTarget;
			buildConfigurationList = 0C627C251C8F5EF900A3DA3F /* Build configuration list for PBXNativeTarget "SpotlightRevisedUITests" */;
			buildPhases = (
				83FB6F907C3885B3D7EBAADF /* [CP] Check Pods Manifest.lock */,
				0C627C121C8F5EF900A3DA3F /* Sources */,
				0C627C131C8F5EF900A3DA3F /* Frameworks */,
				0C627C141C8F5EF900A3DA3F /* Resources */,
				7C7D810FE3158B3B590FCE57 /* [CP] Embed Pods Frameworks */,
				47BC00773F7B266489B61282 /* [CP] Copy Pods Resources */,
			);
			buildRules = (
			);
			dependencies = (
				0C627C181C8F5EF900A3DA3F /* PBXTargetDependency */,
			);
			name = SpotlightRevisedUITests;
			productName = SpotlightRevisedUITests;
			productReference = 0C627C161C8F5EF900A3DA3F /* SpotlightRevisedUITests.xctest */;
			productType = "com.apple.product-type.bundle.ui-testing";
		};
/* End PBXNativeTarget section */

/* Begin PBXProject section */
		0C627BEA1C8F5EF900A3DA3F /* Project object */ = {
			isa = PBXProject;
			attributes = {
				LastUpgradeCheck = 0710;
				ORGANIZATIONNAME = Spotlight;
				TargetAttributes = {
					0C627BF11C8F5EF900A3DA3F = {
						CreatedOnToolsVersion = 7.1;
						DevelopmentTeam = 7239DBEMUJ;
					};
					0C627C0A1C8F5EF900A3DA3F = {
						CreatedOnToolsVersion = 7.1;
						TestTargetID = 0C627BF11C8F5EF900A3DA3F;
					};
					0C627C151C8F5EF900A3DA3F = {
						CreatedOnToolsVersion = 7.1;
						TestTargetID = 0C627BF11C8F5EF900A3DA3F;
					};
				};
			};
			buildConfigurationList = 0C627BED1C8F5EF900A3DA3F /* Build configuration list for PBXProject "SpotlightRevised" */;
			compatibilityVersion = "Xcode 3.2";
			developmentRegion = English;
			hasScannedForEncodings = 0;
			knownRegions = (
				en,
				Base,
			);
			mainGroup = 0C627BE91C8F5EF900A3DA3F;
			productRefGroup = 0C627BF31C8F5EF900A3DA3F /* Products */;
			projectDirPath = "";
			projectRoot = "";
			targets = (
				0C627BF11C8F5EF900A3DA3F /* SpotlightRevised */,
				0C627C0A1C8F5EF900A3DA3F /* SpotlightRevisedTests */,
				0C627C151C8F5EF900A3DA3F /* SpotlightRevisedUITests */,
			);
		};
/* End PBXProject section */

/* Begin PBXResourcesBuildPhase section */
		0C627BF01C8F5EF900A3DA3F /* Resources */ = {
			isa = PBXResourcesBuildPhase;
			buildActionMask = 2147483647;
			files = (
				0C70B2FB1CC4A3F10035B521 /* warruins.mp4 in Resources */,
				0C70B2F91CC4A10D0035B521 /* blacklivesmatter.mp4 in Resources */,
				0C70B2F71CC49F640035B521 /* policebrutality.mp4 in Resources */,
				0C030FC01CD08DE30034F8AF /* search.png in Resources */,
				0CF63CFC1CC15CE2003B8E01 /* chicagotrump.mp4 in Resources */,
				0CF63CD51CBB52DE003B8E01 /* Qanelas-Black.otf in Resources */,
				0C030FCA1CD0994F0034F8AF /* arrowupblack.png in Resources */,
				0CF63CD61CBB52DE003B8E01 /* Qanelas-BlackItalic.otf in Resources */,
				0CF63CD71CBB52DE003B8E01 /* Qanelas-Bold.otf in Resources */,
				0CFDE7A71CD936E50066C147 /* commentsgroup.png in Resources */,
				0C030FCC1CD14A6E0034F8AF /* comments.png in Resources */,
				0C030FC91CD0994F0034F8AF /* arrowdownblack.png in Resources */,
				0CF63CD81CBB52DE003B8E01 /* Qanelas-BoldItalic.otf in Resources */,
				0CFDE7AB1CD938FF0066C147 /* profile.png in Resources */,
				0CF63CD91CBB52DE003B8E01 /* Qanelas-ExtraBold.otf in Resources */,
				0C70B2FD1CC4A5300035B521 /* facebook.png in Resources */,
				0C030FC61CD0935A0034F8AF /* line.png in Resources */,
				0C030FC41CD092C10034F8AF /* page.png in Resources */,
				0CF63CDA1CBB52DE003B8E01 /* Qanelas-Heavy.otf in Resources */,
				0CF63CDB1CBB52DE003B8E01 /* Qanelas-Light.otf in Resources */,
				0CF63CDC1CBB52DE003B8E01 /* Qanelas-Medium.otf in Resources */,
				0CF63CDD1CBB52DE003B8E01 /* Qanelas-Regular.otf in Resources */,
				0C030FBC1CCFEC520034F8AF /* arrowup.png in Resources */,
				0C9312C41E5D9B8E00F5328C /* tasks in Resources */,
				0CF63CFE1CC42776003B8E01 /* Kunal.png in Resources */,
				0CF63CDE1CBB52DE003B8E01 /* Qanelas-RegularItalic.otf in Resources */,
				0CFDE7A51CD9325E0066C147 /* commentsblack.png in Resources */,
				0CE13C021CC5F22500BF3F88 /* CommentIcon.png in Resources */,
				0CF63CDF1CBB52DE003B8E01 /* Qanelas-Thin.otf in Resources */,
				0C030FBB1CCFEC520034F8AF /* arrowdown.png in Resources */,
				0CF63CE01CBB52DE003B8E01 /* Qanelas-UltraLight.otf in Resources */,
				0CB80E281CB97D0E006996C7 /* SETTINGS.png in Resources */,
				0CF63CCF1CBB51A7003B8E01 /* FacebookSDKStrings.bundle in Resources */,
				0CB80E291CB97D0E006996C7 /* VIDEOCAMERA.png in Resources */,
				0C030FBE1CD08D030034F8AF /* rocket.png in Resources */,
				0C627C051C8F5EF900A3DA3F /* LaunchScreen.storyboard in Resources */,
				0C627C021C8F5EF900A3DA3F /* Assets.xcassets in Resources */,
				0CF63CEB1CC0339C003B8E01 /* header.png in Resources */,
				0CB80E241CB97D0E006996C7 /* camera.png in Resources */,
				0CB80E271CB97D0E006996C7 /* PLUS.png in Resources */,
				0C627C001C8F5EF900A3DA3F /* Main.storyboard in Resources */,
				0CB80E261CB97D0E006996C7 /* LAUNCH.png in Resources */,
				0CB80E251CB97D0E006996C7 /* JUSTIFYALL.png in Resources */,
			);
			runOnlyForDeploymentPostprocessing = 0;
		};
		0C627C091C8F5EF900A3DA3F /* Resources */ = {
			isa = PBXResourcesBuildPhase;
			buildActionMask = 2147483647;
			files = (
				0CE13C031CC5F22500BF3F88 /* CommentIcon.png in Resources */,
			);
			runOnlyForDeploymentPostprocessing = 0;
		};
		0C627C141C8F5EF900A3DA3F /* Resources */ = {
			isa = PBXResourcesBuildPhase;
			buildActionMask = 2147483647;
			files = (
			);
			runOnlyForDeploymentPostprocessing = 0;
		};
/* End PBXResourcesBuildPhase section */

/* Begin PBXShellScriptBuildPhase section */
		47BC00773F7B266489B61282 /* [CP] Copy Pods Resources */ = {
			isa = PBXShellScriptBuildPhase;
			buildActionMask = 2147483647;
			files = (
			);
			inputPaths = (
			);
			name = "[CP] Copy Pods Resources";
			outputPaths = (
			);
			runOnlyForDeploymentPostprocessing = 0;
			shellPath = /bin/sh;
			shellScript = "\"${SRCROOT}/Pods/Target Support Files/Pods-SpotlightRevisedUITests/Pods-SpotlightRevisedUITests-resources.sh\"\n";
			showEnvVarsInLog = 0;
		};
		72791F36B84115CDEB94C5CE /* [CP] Check Pods Manifest.lock */ = {
			isa = PBXShellScriptBuildPhase;
			buildActionMask = 2147483647;
			files = (
			);
			inputPaths = (
			);
			name = "[CP] Check Pods Manifest.lock";
			outputPaths = (
			);
			runOnlyForDeploymentPostprocessing = 0;
			shellPath = /bin/sh;
			shellScript = "diff \"${PODS_ROOT}/../Podfile.lock\" \"${PODS_ROOT}/Manifest.lock\" > /dev/null\nif [ $? != 0 ] ; then\n    # print error to STDERR\n    echo \"error: The sandbox is not in sync with the Podfile.lock. Run 'pod install' or update your CocoaPods installation.\" >&2\n    exit 1\nfi\n";
			showEnvVarsInLog = 0;
		};
		7902BD6FFED9C3376A1BE81F /* [CP] Copy Pods Resources */ = {
			isa = PBXShellScriptBuildPhase;
			buildActionMask = 2147483647;
			files = (
			);
			inputPaths = (
			);
			name = "[CP] Copy Pods Resources";
			outputPaths = (
			);
			runOnlyForDeploymentPostprocessing = 0;
			shellPath = /bin/sh;
			shellScript = "\"${SRCROOT}/Pods/Target Support Files/Pods-SpotlightRevised/Pods-SpotlightRevised-resources.sh\"\n";
			showEnvVarsInLog = 0;
		};
		7C7D810FE3158B3B590FCE57 /* [CP] Embed Pods Frameworks */ = {
			isa = PBXShellScriptBuildPhase;
			buildActionMask = 2147483647;
			files = (
			);
			inputPaths = (
			);
			name = "[CP] Embed Pods Frameworks";
			outputPaths = (
			);
			runOnlyForDeploymentPostprocessing = 0;
			shellPath = /bin/sh;
			shellScript = "\"${SRCROOT}/Pods/Target Support Files/Pods-SpotlightRevisedUITests/Pods-SpotlightRevisedUITests-frameworks.sh\"\n";
			showEnvVarsInLog = 0;
		};
		83FB6F907C3885B3D7EBAADF /* [CP] Check Pods Manifest.lock */ = {
			isa = PBXShellScriptBuildPhase;
			buildActionMask = 2147483647;
			files = (
			);
			inputPaths = (
			);
			name = "[CP] Check Pods Manifest.lock";
			outputPaths = (
			);
			runOnlyForDeploymentPostprocessing = 0;
			shellPath = /bin/sh;
			shellScript = "diff \"${PODS_ROOT}/../Podfile.lock\" \"${PODS_ROOT}/Manifest.lock\" > /dev/null\nif [ $? != 0 ] ; then\n    # print error to STDERR\n    echo \"error: The sandbox is not in sync with the Podfile.lock. Run 'pod install' or update your CocoaPods installation.\" >&2\n    exit 1\nfi\n";
			showEnvVarsInLog = 0;
		};
		A5B283467FD41584B7B869DF /* [CP] Copy Pods Resources */ = {
			isa = PBXShellScriptBuildPhase;
			buildActionMask = 2147483647;
			files = (
			);
			inputPaths = (
			);
			name = "[CP] Copy Pods Resources";
			outputPaths = (
			);
			runOnlyForDeploymentPostprocessing = 0;
			shellPath = /bin/sh;
			shellScript = "\"${SRCROOT}/Pods/Target Support Files/Pods-SpotlightRevisedTests/Pods-SpotlightRevisedTests-resources.sh\"\n";
			showEnvVarsInLog = 0;
		};
		B9010D2418409997731AB986 /* [CP] Embed Pods Frameworks */ = {
			isa = PBXShellScriptBuildPhase;
			buildActionMask = 2147483647;
			files = (
			);
			inputPaths = (
			);
			name = "[CP] Embed Pods Frameworks";
			outputPaths = (
			);
			runOnlyForDeploymentPostprocessing = 0;
			shellPath = /bin/sh;
			shellScript = "\"${SRCROOT}/Pods/Target Support Files/Pods-SpotlightRevised/Pods-SpotlightRevised-frameworks.sh\"\n";
			showEnvVarsInLog = 0;
		};
		C7477D6F43136026CB0C2378 /* [CP] Check Pods Manifest.lock */ = {
			isa = PBXShellScriptBuildPhase;
			buildActionMask = 2147483647;
			files = (
			);
			inputPaths = (
			);
			name = "[CP] Check Pods Manifest.lock";
			outputPaths = (
			);
			runOnlyForDeploymentPostprocessing = 0;
			shellPath = /bin/sh;
			shellScript = "diff \"${PODS_ROOT}/../Podfile.lock\" \"${PODS_ROOT}/Manifest.lock\" > /dev/null\nif [ $? != 0 ] ; then\n    # print error to STDERR\n    echo \"error: The sandbox is not in sync with the Podfile.lock. Run 'pod install' or update your CocoaPods installation.\" >&2\n    exit 1\nfi\n";
			showEnvVarsInLog = 0;
		};
		FF6D1DF2FE7614BA9B0E08CA /* [CP] Embed Pods Frameworks */ = {
			isa = PBXShellScriptBuildPhase;
			buildActionMask = 2147483647;
			files = (
			);
			inputPaths = (
			);
			name = "[CP] Embed Pods Frameworks";
			outputPaths = (
			);
			runOnlyForDeploymentPostprocessing = 0;
			shellPath = /bin/sh;
			shellScript = "\"${SRCROOT}/Pods/Target Support Files/Pods-SpotlightRevisedTests/Pods-SpotlightRevisedTests-frameworks.sh\"\n";
			showEnvVarsInLog = 0;
		};
/* End PBXShellScriptBuildPhase section */

/* Begin PBXSourcesBuildPhase section */
		0C627BEE1C8F5EF900A3DA3F /* Sources */ = {
			isa = PBXSourcesBuildPhase;
			buildActionMask = 2147483647;
			files = (
				0C627C361C8F5FF900A3DA3F /* YALFoldingTabBarController.m in Sources */,
				0C627C301C8F5FE600A3DA3F /* CATransaction+TransactionWithAnimationsAndCompletion.m in Sources */,
				0CB80E301CB9826C006996C7 /* Trending.m in Sources */,
				0CF63CB31CBB3FC2003B8E01 /* Login.m in Sources */,
				0C9D86651E63ECAF00356635 /* MainCamera.m in Sources */,
				0C9D86841E63ED8100356635 /* Constants.m in Sources */,
				0C627C2A1C8F5FD000A3DA3F /* YALSpringAnimation.m in Sources */,
				0C9D86791E63ED6A00356635 /* CameraShutterButton.m in Sources */,
				0CF63CE91CBD8F2A003B8E01 /* TestData.m in Sources */,
				0CB80E391CB98889006996C7 /* ViewUtils.m in Sources */,
				0CE13BFF1CC5E58800BF3F88 /* TrendingViewCustom.m in Sources */,
				0C9D867E1E63ED7500356635 /* CameraStyleKitClass.m in Sources */,
				0C9D86771E63ED6A00356635 /* CameraFlashButton.m in Sources */,
				0C9D86761E63ED6A00356635 /* CameraDismissButton.m in Sources */,
				0CB80E3F1CBA1025006996C7 /* VideoViewController.m in Sources */,
				0CB80E331CB98598006996C7 /* Camera.m in Sources */,
				0C9D86831E63ED8100356635 /* CaptureSessionManager.m in Sources */,
				0C627C2D1C8F5FDE00A3DA3F /* CAAnimation+YALTabBarViewAnimations.m in Sources */,
				0C9D867B1E63ED6A00356635 /* LaunchCameraButton.m in Sources */,
				0C627C391C8F600000A3DA3F /* YALTabBarItem.m in Sources */,
				0CB80E441CBA1058006996C7 /* UIImage+Crop.m in Sources */,
				0CE13BFB1CC5E53E00BF3F88 /* SwipeTableAppDelegate.m in Sources */,
				0C627BFD1C8F5EF900A3DA3F /* ViewController.m in Sources */,
				0C627BFA1C8F5EF900A3DA3F /* AppDelegate.m in Sources */,
				0C9D86781E63ED6A00356635 /* CameraFocalReticule.m in Sources */,
				0C627BF71C8F5EF900A3DA3F /* main.m in Sources */,
				0C627C3D1C8F601200A3DA3F /* YALFoldingTabBar.m in Sources */,
				0CB80E3E1CBA1025006996C7 /* ImageViewController.m in Sources */,
				0CB80E451CBA1058006996C7 /* UIImage+Resize.m in Sources */,
				0CE13C061CC5F7CD00BF3F88 /* TrumpVideoComments.m in Sources */,
				0CF63CF11CC03A95003B8E01 /* Newsfeed.m in Sources */,
				0C627C331C8F5FF100A3DA3F /* YALAnimatingTabBarConstants.m in Sources */,
				0C9D86691E63ED5D00356635 /* CameraSessionView.m in Sources */,
				0CE13BF81CC4B7D500BF3F88 /* TrendingView.m in Sources */,
				0C9D867A1E63ED6A00356635 /* CameraToggleButton.m in Sources */,
			);
			runOnlyForDeploymentPostprocessing = 0;
		};
		0C627C071C8F5EF900A3DA3F /* Sources */ = {
			isa = PBXSourcesBuildPhase;
			buildActionMask = 2147483647;
			files = (
				0CE13C071CC5F7CD00BF3F88 /* TrumpVideoComments.m in Sources */,
				0CE13BFC1CC5E53E00BF3F88 /* SwipeTableAppDelegate.m in Sources */,
				0C627C101C8F5EF900A3DA3F /* SpotlightRevisedTests.m in Sources */,
				0CE13C001CC5E58800BF3F88 /* TrendingViewCustom.m in Sources */,
			);
			runOnlyForDeploymentPostprocessing = 0;
		};
		0C627C121C8F5EF900A3DA3F /* Sources */ = {
			isa = PBXSourcesBuildPhase;
			buildActionMask = 2147483647;
			files = (
				0C627C1B1C8F5EF900A3DA3F /* SpotlightRevisedUITests.m in Sources */,
			);
			runOnlyForDeploymentPostprocessing = 0;
		};
/* End PBXSourcesBuildPhase section */

/* Begin PBXTargetDependency section */
		0C627C0D1C8F5EF900A3DA3F /* PBXTargetDependency */ = {
			isa = PBXTargetDependency;
			target = 0C627BF11C8F5EF900A3DA3F /* SpotlightRevised */;
			targetProxy = 0C627C0C1C8F5EF900A3DA3F /* PBXContainerItemProxy */;
		};
		0C627C181C8F5EF900A3DA3F /* PBXTargetDependency */ = {
			isa = PBXTargetDependency;
			target = 0C627BF11C8F5EF900A3DA3F /* SpotlightRevised */;
			targetProxy = 0C627C171C8F5EF900A3DA3F /* PBXContainerItemProxy */;
		};
/* End PBXTargetDependency section */

/* Begin PBXVariantGroup section */
		0C627BFE1C8F5EF900A3DA3F /* Main.storyboard */ = {
			isa = PBXVariantGroup;
			children = (
				0C627BFF1C8F5EF900A3DA3F /* Base */,
			);
			name = Main.storyboard;
			sourceTree = "<group>";
		};
		0C627C031C8F5EF900A3DA3F /* LaunchScreen.storyboard */ = {
			isa = PBXVariantGroup;
			children = (
				0C627C041C8F5EF900A3DA3F /* Base */,
			);
			name = LaunchScreen.storyboard;
			sourceTree = "<group>";
		};
/* End PBXVariantGroup section */

/* Begin XCBuildConfiguration section */
		0C627C1D1C8F5EF900A3DA3F /* Debug */ = {
			isa = XCBuildConfiguration;
			buildSettings = {
				ALWAYS_SEARCH_USER_PATHS = NO;
				CLANG_CXX_LANGUAGE_STANDARD = "gnu++0x";
				CLANG_CXX_LIBRARY = "libc++";
				CLANG_ENABLE_MODULES = YES;
				CLANG_ENABLE_OBJC_ARC = YES;
				CLANG_WARN_BOOL_CONVERSION = YES;
				CLANG_WARN_CONSTANT_CONVERSION = YES;
				CLANG_WARN_DIRECT_OBJC_ISA_USAGE = YES_ERROR;
				CLANG_WARN_EMPTY_BODY = YES;
				CLANG_WARN_ENUM_CONVERSION = YES;
				CLANG_WARN_INT_CONVERSION = YES;
				CLANG_WARN_OBJC_ROOT_CLASS = YES_ERROR;
				CLANG_WARN_UNREACHABLE_CODE = YES;
				CLANG_WARN__DUPLICATE_METHOD_MATCH = YES;
				"CODE_SIGN_IDENTITY[sdk=iphoneos*]" = "iPhone Developer";
				COPY_PHASE_STRIP = NO;
				DEBUG_INFORMATION_FORMAT = dwarf;
				ENABLE_STRICT_OBJC_MSGSEND = YES;
				ENABLE_TESTABILITY = YES;
				GCC_C_LANGUAGE_STANDARD = gnu99;
				GCC_DYNAMIC_NO_PIC = NO;
				GCC_NO_COMMON_BLOCKS = YES;
				GCC_OPTIMIZATION_LEVEL = 0;
				GCC_PREPROCESSOR_DEFINITIONS = (
					"DEBUG=1",
					"$(inherited)",
				);
				GCC_WARN_64_TO_32_BIT_CONVERSION = YES;
				GCC_WARN_ABOUT_RETURN_TYPE = YES_ERROR;
				GCC_WARN_UNDECLARED_SELECTOR = YES;
				GCC_WARN_UNINITIALIZED_AUTOS = YES_AGGRESSIVE;
				GCC_WARN_UNUSED_FUNCTION = YES;
				GCC_WARN_UNUSED_VARIABLE = YES;
				IPHONEOS_DEPLOYMENT_TARGET = 9.1;
				MTL_ENABLE_DEBUG_INFO = YES;
				ONLY_ACTIVE_ARCH = YES;
				OTHER_LDFLAGS = "$(inherited)";
				SDKROOT = iphoneos;
				TARGETED_DEVICE_FAMILY = "1,2";
			};
			name = Debug;
		};
		0C627C1E1C8F5EF900A3DA3F /* Release */ = {
			isa = XCBuildConfiguration;
			buildSettings = {
				ALWAYS_SEARCH_USER_PATHS = NO;
				CLANG_CXX_LANGUAGE_STANDARD = "gnu++0x";
				CLANG_CXX_LIBRARY = "libc++";
				CLANG_ENABLE_MODULES = YES;
				CLANG_ENABLE_OBJC_ARC = YES;
				CLANG_WARN_BOOL_CONVERSION = YES;
				CLANG_WARN_CONSTANT_CONVERSION = YES;
				CLANG_WARN_DIRECT_OBJC_ISA_USAGE = YES_ERROR;
				CLANG_WARN_EMPTY_BODY = YES;
				CLANG_WARN_ENUM_CONVERSION = YES;
				CLANG_WARN_INT_CONVERSION = YES;
				CLANG_WARN_OBJC_ROOT_CLASS = YES_ERROR;
				CLANG_WARN_UNREACHABLE_CODE = YES;
				CLANG_WARN__DUPLICATE_METHOD_MATCH = YES;
				"CODE_SIGN_IDENTITY[sdk=iphoneos*]" = "iPhone Developer";
				COPY_PHASE_STRIP = NO;
				DEBUG_INFORMATION_FORMAT = "dwarf-with-dsym";
				ENABLE_NS_ASSERTIONS = NO;
				ENABLE_STRICT_OBJC_MSGSEND = YES;
				GCC_C_LANGUAGE_STANDARD = gnu99;
				GCC_NO_COMMON_BLOCKS = YES;
				GCC_WARN_64_TO_32_BIT_CONVERSION = YES;
				GCC_WARN_ABOUT_RETURN_TYPE = YES_ERROR;
				GCC_WARN_UNDECLARED_SELECTOR = YES;
				GCC_WARN_UNINITIALIZED_AUTOS = YES_AGGRESSIVE;
				GCC_WARN_UNUSED_FUNCTION = YES;
				GCC_WARN_UNUSED_VARIABLE = YES;
				IPHONEOS_DEPLOYMENT_TARGET = 9.1;
				MTL_ENABLE_DEBUG_INFO = NO;
				OTHER_LDFLAGS = "$(inherited)";
				SDKROOT = iphoneos;
				TARGETED_DEVICE_FAMILY = "1,2";
				VALIDATE_PRODUCT = YES;
			};
			name = Release;
		};
		0C627C201C8F5EF900A3DA3F /* Debug */ = {
			isa = XCBuildConfiguration;
			baseConfigurationReference = 745C0E2BE1EFA87B63FC32AE /* Pods-SpotlightRevised.debug.xcconfig */;
			buildSettings = {
				ASSETCATALOG_COMPILER_APPICON_NAME = AppIcon;
				DEVELOPMENT_TEAM = 7239DBEMUJ;
				FRAMEWORK_SEARCH_PATHS = (
					"$(inherited)",
					"$(PROJECT_DIR)",
					"$(PROJECT_DIR)/FacebookSDK",
				);
				"FRAMEWORK_SEARCH_PATHS[arch=*]" = "/Users/Kunal/Documents/Projects/Spotlight/Spotlight-iOS/SpotlightRevised/FacebookSDK";
				INFOPLIST_FILE = SpotlightRevised/Info.plist;
				IPHONEOS_DEPLOYMENT_TARGET = 8.0;
				LD_RUNPATH_SEARCH_PATHS = "$(inherited) @executable_path/Frameworks";
				PRODUCT_BUNDLE_IDENTIFIER = Kunal.SpotlightRevised;
				PRODUCT_NAME = "$(TARGET_NAME)";
			};
			name = Debug;
		};
		0C627C211C8F5EF900A3DA3F /* Release */ = {
			isa = XCBuildConfiguration;
			baseConfigurationReference = C24D68CCEDBB3A4CE6110307 /* Pods-SpotlightRevised.release.xcconfig */;
			buildSettings = {
				ASSETCATALOG_COMPILER_APPICON_NAME = AppIcon;
				DEVELOPMENT_TEAM = 7239DBEMUJ;
				FRAMEWORK_SEARCH_PATHS = (
					"$(inherited)",
					"$(PROJECT_DIR)",
					"$(PROJECT_DIR)/FacebookSDK",
				);
				INFOPLIST_FILE = SpotlightRevised/Info.plist;
				IPHONEOS_DEPLOYMENT_TARGET = 8.0;
				LD_RUNPATH_SEARCH_PATHS = "$(inherited) @executable_path/Frameworks";
				PRODUCT_BUNDLE_IDENTIFIER = Kunal.SpotlightRevised;
				PRODUCT_NAME = "$(TARGET_NAME)";
			};
			name = Release;
		};
		0C627C231C8F5EF900A3DA3F /* Debug */ = {
			isa = XCBuildConfiguration;
			baseConfigurationReference = FBCAD5865F9894DFAFF64B39 /* Pods-SpotlightRevisedTests.debug.xcconfig */;
			buildSettings = {
				BUNDLE_LOADER = "$(TEST_HOST)";
				INFOPLIST_FILE = SpotlightRevisedTests/Info.plist;
				LD_RUNPATH_SEARCH_PATHS = "$(inherited) @executable_path/Frameworks @loader_path/Frameworks";
				PRODUCT_BUNDLE_IDENTIFIER = Kunal.SpotlightRevisedTests;
				PRODUCT_NAME = "$(TARGET_NAME)";
				TEST_HOST = "$(BUILT_PRODUCTS_DIR)/SpotlightRevised.app/SpotlightRevised";
			};
			name = Debug;
		};
		0C627C241C8F5EF900A3DA3F /* Release */ = {
			isa = XCBuildConfiguration;
			baseConfigurationReference = 8A2E678A26367A354837E814 /* Pods-SpotlightRevisedTests.release.xcconfig */;
			buildSettings = {
				BUNDLE_LOADER = "$(TEST_HOST)";
				INFOPLIST_FILE = SpotlightRevisedTests/Info.plist;
				LD_RUNPATH_SEARCH_PATHS = "$(inherited) @executable_path/Frameworks @loader_path/Frameworks";
				PRODUCT_BUNDLE_IDENTIFIER = Kunal.SpotlightRevisedTests;
				PRODUCT_NAME = "$(TARGET_NAME)";
				TEST_HOST = "$(BUILT_PRODUCTS_DIR)/SpotlightRevised.app/SpotlightRevised";
			};
			name = Release;
		};
		0C627C261C8F5EF900A3DA3F /* Debug */ = {
			isa = XCBuildConfiguration;
			baseConfigurationReference = 98CBAA0156878CD2E82A728A /* Pods-SpotlightRevisedUITests.debug.xcconfig */;
			buildSettings = {
				INFOPLIST_FILE = SpotlightRevisedUITests/Info.plist;
				LD_RUNPATH_SEARCH_PATHS = "$(inherited) @executable_path/Frameworks @loader_path/Frameworks";
				PRODUCT_BUNDLE_IDENTIFIER = Kunal.SpotlightRevisedUITests;
				PRODUCT_NAME = "$(TARGET_NAME)";
				TEST_TARGET_NAME = SpotlightRevised;
				USES_XCTRUNNER = YES;
			};
			name = Debug;
		};
		0C627C271C8F5EF900A3DA3F /* Release */ = {
			isa = XCBuildConfiguration;
			baseConfigurationReference = E113A8FFD63CD4B905970146 /* Pods-SpotlightRevisedUITests.release.xcconfig */;
			buildSettings = {
				INFOPLIST_FILE = SpotlightRevisedUITests/Info.plist;
				LD_RUNPATH_SEARCH_PATHS = "$(inherited) @executable_path/Frameworks @loader_path/Frameworks";
				PRODUCT_BUNDLE_IDENTIFIER = Kunal.SpotlightRevisedUITests;
				PRODUCT_NAME = "$(TARGET_NAME)";
				TEST_TARGET_NAME = SpotlightRevised;
				USES_XCTRUNNER = YES;
			};
			name = Release;
		};
/* End XCBuildConfiguration section */

/* Begin XCConfigurationList section */
		0C627BED1C8F5EF900A3DA3F /* Build configuration list for PBXProject "SpotlightRevised" */ = {
			isa = XCConfigurationList;
			buildConfigurations = (
				0C627C1D1C8F5EF900A3DA3F /* Debug */,
				0C627C1E1C8F5EF900A3DA3F /* Release */,
			);
			defaultConfigurationIsVisible = 0;
			defaultConfigurationName = Release;
		};
		0C627C1F1C8F5EF900A3DA3F /* Build configuration list for PBXNativeTarget "SpotlightRevised" */ = {
			isa = XCConfigurationList;
			buildConfigurations = (
				0C627C201C8F5EF900A3DA3F /* Debug */,
				0C627C211C8F5EF900A3DA3F /* Release */,
			);
			defaultConfigurationIsVisible = 0;
			defaultConfigurationName = Release;
		};
		0C627C221C8F5EF900A3DA3F /* Build configuration list for PBXNativeTarget "SpotlightRevisedTests" */ = {
			isa = XCConfigurationList;
			buildConfigurations = (
				0C627C231C8F5EF900A3DA3F /* Debug */,
				0C627C241C8F5EF900A3DA3F /* Release */,
			);
			defaultConfigurationIsVisible = 0;
			defaultConfigurationName = Release;
		};
		0C627C251C8F5EF900A3DA3F /* Build configuration list for PBXNativeTarget "SpotlightRevisedUITests" */ = {
			isa = XCConfigurationList;
			buildConfigurations = (
				0C627C261C8F5EF900A3DA3F /* Debug */,
				0C627C271C8F5EF900A3DA3F /* Release */,
			);
			defaultConfigurationIsVisible = 0;
			defaultConfigurationName = Release;
		};
/* End XCConfigurationList section */
	};
	rootObject = 0C627BEA1C8F5EF900A3DA3F /* Project object */;
}
